[[package]]
name = "appdirs"
version = "1.4.4"
description = "A small Python module for determining appropriate platform-specific dirs, e.g. a \"user data dir\"."
category = "main"
optional = false
python-versions = "*"

[[package]]
name = "attrs"
version = "20.3.0"
description = "Classes Without Boilerplate"
category = "main"
optional = false
python-versions = ">=2.7, !=3.0.*, !=3.1.*, !=3.2.*, !=3.3.*"

[package.extras]
dev = ["coverage[toml] (>=5.0.2)", "hypothesis", "pympler", "pytest (>=4.3.0)", "six", "zope.interface", "furo", "sphinx", "pre-commit"]
docs = ["furo", "sphinx", "zope.interface"]
tests = ["coverage[toml] (>=5.0.2)", "hypothesis", "pympler", "pytest (>=4.3.0)", "six", "zope.interface"]
tests_no_zope = ["coverage[toml] (>=5.0.2)", "hypothesis", "pympler", "pytest (>=4.3.0)", "six"]

[[package]]
name = "booleanoperations"
version = "0.9.0"
description = "Boolean operations on paths."
category = "main"
optional = false
python-versions = ">=3.6"

[package.dependencies]
fonttools = ">=4.0.2"
pyclipper = ">=1.1.0.post1"

[[package]]
name = "cffsubr"
version = "0.2.7"
description = "Standalone CFF subroutinizer based on the AFDKO tx tool"
category = "main"
optional = false
python-versions = ">=3.6"

[package.dependencies]
fontTools = ">=4.10.2"

[package.extras]
testing = ["pytest"]

[[package]]
name = "compreffor"
version = "0.5.1"
description = "A CFF subroutinizer for fontTools."
category = "main"
optional = false
python-versions = ">=3.6"

[package.dependencies]
fonttools = ">=4"

[[package]]
name = "cu2qu"
version = "1.6.7"
description = "Cubic-to-quadratic bezier curve conversion"
category = "main"
optional = false
python-versions = "*"

[package.dependencies]
fonttools = {version = ">=3.32.0", extras = ["ufo"]}

[package.extras]
cli = ["defcon (>=0.6.0)"]

[[package]]
name = "defcon"
version = "0.7.2"
description = "A set of flexible objects for representing UFO data."
category = "main"
optional = false
python-versions = ">=3.6"

[package.dependencies]
fonttools = {version = ">=4.10.0", extras = ["ufo", "unicode"]}

[package.extras]
lxml = ["fonttools[lxml] (>=4.10.0)"]
pens = ["fontPens (>=0.1.0)"]

[[package]]
name = "flake8"
version = "3.8.4"
description = "the modular source code checker: pep8 pyflakes and co"
category = "dev"
optional = false
python-versions = "!=3.0.*,!=3.1.*,!=3.2.*,!=3.3.*,>=2.7"

[package.dependencies]
mccabe = ">=0.6.0,<0.7.0"
pycodestyle = ">=2.6.0a1,<2.7.0"
pyflakes = ">=2.2.0,<2.3.0"

[[package]]
name = "fontmake"
version = "2.3.0"
description = "Compile fonts from sources (UFO, Glyphs) to binary (OpenType, TrueType)."
category = "main"
optional = false
python-versions = ">=3.6"

[package.dependencies]
attrs = ">=19"
booleanOperations = ">=0.9.0"
cu2qu = ">=1.6.7"
fontMath = ">=0.6.0"
fonttools = {version = ">=4.18.1", extras = ["lxml", "ufo", "unicode"]}
glyphsLib = ">=5.3.0"
ufo2ft = {version = ">=2.19.1", extras = ["cffsubr"]}
ufoLib2 = ">=0.8.0"

[package.extras]
mutatormath = ["MutatorMath (>=2.1.2)"]
pathops = ["skia-pathops (>=0.3.0)"]

[[package]]
name = "fontmath"
version = "0.6.0"
description = "A set of objects for performing math operations on font data."
category = "main"
optional = false
python-versions = "*"

[package.dependencies]
fonttools = ">=3.32.0"

[[package]]
name = "fonttools"
version = "4.19.1"
description = "Tools to manipulate font files"
category = "main"
optional = false
python-versions = ">=3.6"

[package.dependencies]
fs = {version = ">=2.2.0,<3", optional = true, markers = "extra == \"ufo\""}
lxml = {version = ">=4.0,<5", optional = true, markers = "extra == \"lxml\""}

[package.extras]
all = ["fs (>=2.2.0,<3)", "lxml (>=4.0,<5)", "zopfli (>=0.1.4)", "lz4 (>=1.7.4.2)", "matplotlib", "sympy", "skia-pathops (>=0.5.0)", "brotlicffi (>=0.8.0)", "scipy", "brotli (>=1.0.1)", "munkres", "unicodedata2 (>=13.0.0)", "xattr"]
graphite = ["lz4 (>=1.7.4.2)"]
interpolatable = ["scipy", "munkres"]
lxml = ["lxml (>=4.0,<5)"]
pathops = ["skia-pathops (>=0.5.0)"]
plot = ["matplotlib"]
symfont = ["sympy"]
type1 = ["xattr"]
ufo = ["fs (>=2.2.0,<3)"]
unicode = ["unicodedata2 (>=13.0.0)"]
woff = ["zopfli (>=0.1.4)", "brotlicffi (>=0.8.0)", "brotli (>=1.0.1)"]

[[package]]
name = "fs"
version = "2.4.12"
description = "Python's filesystem abstraction layer"
category = "main"
optional = false
python-versions = "*"

[package.dependencies]
appdirs = ">=1.4.3,<1.5.0"
pytz = "*"
six = ">=1.10,<2.0"

[package.extras]
scandir = ["scandir (>=1.5,<2.0)"]

[[package]]
name = "glyphslib"
version = "5.3.2"
description = "A bridge from Glyphs source files (.glyphs) to UFOs"
category = "main"
optional = false
python-versions = ">=3.6"

[package.dependencies]
fonttools = {version = ">=4.19.0", extras = ["ufo", "unicode"]}
ufoLib2 = ">=0.6.2"

[package.extras]
defcon = ["defcon (>=0.6.0)"]
ufo_normalization = ["ufonormalizer"]

[[package]]
name = "lxml"
version = "4.6.2"
description = "Powerful and Pythonic XML processing library combining libxml2/libxslt with the ElementTree API."
category = "main"
optional = false
python-versions = ">=2.7, !=3.0.*, !=3.1.*, !=3.2.*, !=3.3.*, != 3.4.*"

[package.extras]
cssselect = ["cssselect (>=0.7)"]
html5 = ["html5lib"]
htmlsoup = ["beautifulsoup4"]
source = ["Cython (>=0.29.7)"]

[[package]]
name = "mccabe"
version = "0.6.1"
description = "McCabe checker, plugin for flake8"
category = "dev"
optional = false
python-versions = "*"

[[package]]
name = "pyclipper"
version = "1.2.1"
description = "Cython wrapper for the C++ translation of the Angus Johnson's Clipper library (ver. 6.4.2)"
category = "main"
optional = false
python-versions = "*"

[[package]]
name = "pycodestyle"
version = "2.6.0"
description = "Python style guide checker"
category = "dev"
optional = false
python-versions = ">=2.7, !=3.0.*, !=3.1.*, !=3.2.*, !=3.3.*"

[[package]]
name = "pyflakes"
version = "2.2.0"
description = "passive checker of Python programs"
category = "dev"
optional = false
python-versions = ">=2.7, !=3.0.*, !=3.1.*, !=3.2.*, !=3.3.*"

[[package]]
name = "pytz"
version = "2021.1"
description = "World timezone definitions, modern and historical"
category = "main"
optional = false
python-versions = "*"

[[package]]
name = "pyyaml"
version = "5.4.1"
description = "YAML parser and emitter for Python"
category = "main"
optional = false
python-versions = ">=2.7, !=3.0.*, !=3.1.*, !=3.2.*, !=3.3.*, !=3.4.*, !=3.5.*"

[[package]]
name = "regex"
version = "2020.11.13"
description = "Alternative regular expression module, to replace re."
category = "main"
optional = false
python-versions = "*"

[[package]]
name = "six"
version = "1.15.0"
description = "Python 2 and 3 compatibility utilities"
category = "main"
optional = false
python-versions = ">=2.7, !=3.0.*, !=3.1.*, !=3.2.*"

[[package]]
name = "tptqscripttools"
version = "0.6.0"
description = ""
category = "main"
optional = false
python-versions = "^3.9"  # 3.9: PEP 585, 616, …; 3.8: PEP 572, 570, 589…
develop = true

[package.dependencies]
defcon = "^0.7.2"
fontmake = "^2.2.1"
fonttools = "^4.18.1"
regex = "^2020.10.15"
uharfbuzz = "^0.14.0"

[package.source]
type = "directory"
url = "../tptq/script-tools"

[[package]]
name = "tptqutils"
version = "0.1.0"
description = ""
category = "main"
optional = false
python-versions = "^3.9"
develop = true

[package.dependencies]
defcon = "^0.7.2"
fonttools = "^4.18.1"
glyphsLib = "^5.3.1"
regex = "^2020.11.13"

[package.source]
type = "directory"
url = "../tptq/tptqutils"

[[package]]
name = "ufo2ft"
version = "2.19.1"
description = "A bridge between UFOs and FontTools."
category = "main"
optional = false
python-versions = ">=3.6"

[package.dependencies]
booleanOperations = ">=0.9.0"
cffsubr = {version = ">=0.2.7", optional = true, markers = "extra == \"cffsubr\""}
compreffor = ">=0.4.6"
cu2qu = ">=1.6.7"
fonttools = {version = ">=4.17.1", extras = ["ufo"]}

[package.extras]
cffsubr = ["cffsubr (>=0.2.7)"]
pathops = ["skia-pathops (>=0.5.1)"]

[[package]]
name = "ufolib2"
version = "0.10.1"
description = "ufoLib2 is a UFO font processing library."
category = "main"
optional = false
python-versions = ">=3.6"

[package.dependencies]
attrs = ">=19.2.0"
fonttools = {version = ">=4.0.0", extras = ["ufo"]}

[package.extras]
lxml = ["lxml"]

[[package]]
name = "uharfbuzz"
version = "0.14.0"
description = "Streamlined Cython bindings for the harfbuzz shaping engine"
category = "main"
optional = false
python-versions = ">=3.5"

[metadata]
lock-version = "1.1"
python-versions = "^3.9"
content-hash = "9372cfd722ac6d0c7f6e5b3e3cc80ee1cf23d96fde07e45c2a09a5cd7c39d26e"

[metadata.files]
appdirs = [
    {file = "appdirs-1.4.4-py2.py3-none-any.whl", hash = "sha256:a841dacd6b99318a741b166adb07e19ee71a274450e68237b4650ca1055ab128"},
    {file = "appdirs-1.4.4.tar.gz", hash = "sha256:7d5d0167b2b1ba821647616af46a749d1c653740dd0d2415100fe26e27afdf41"},
]
attrs = [
    {file = "attrs-20.3.0-py2.py3-none-any.whl", hash = "sha256:31b2eced602aa8423c2aea9c76a724617ed67cf9513173fd3a4f03e3a929c7e6"},
    {file = "attrs-20.3.0.tar.gz", hash = "sha256:832aa3cde19744e49938b91fea06d69ecb9e649c93ba974535d08ad92164f700"},
]
booleanoperations = [
    {file = "booleanOperations-0.9.0-py3-none-any.whl", hash = "sha256:86c291c2fba9faedff6f007c932d7f242dd9b4304e9c6ca8149f864d07877a59"},
    {file = "booleanOperations-0.9.0.zip", hash = "sha256:8cfa821c32ad374fa120d6b2e0b444ebeac57c91e6631528645fa19ac2a281b8"},
]
cffsubr = [
    {file = "cffsubr-0.2.7-py3-none-macosx_10_9_x86_64.whl", hash = "sha256:2bbb3465427e6ec314e7285648c2990ca1d9870e482a0b1e979f70ccda9f4f9a"},
    {file = "cffsubr-0.2.7-py3-none-manylinux1_x86_64.whl", hash = "sha256:88a1520fa0f25f2334812c031ddba02dbce06cd6af0629a51204cb2066a3ec5c"},
    {file = "cffsubr-0.2.7-py3-none-win32.whl", hash = "sha256:d0c7e740343c9a401b7907b956be43a1c3413656be48a9fcf175bf1a2712f389"},
    {file = "cffsubr-0.2.7-py3-none-win_amd64.whl", hash = "sha256:30a59b59f67673e03b211e011456cd79e761297972ec4bb67f767807c7117f06"},
    {file = "cffsubr-0.2.7.tar.gz", hash = "sha256:c30a35d2ffcc2d23826757cba9917884cbdb999760d847c6d83b708ebb80c973"},
]
compreffor = [
    {file = "compreffor-0.5.1-cp36-cp36m-macosx_10_9_x86_64.whl", hash = "sha256:57c738383a05b3d0745fa12576475706d2853694b645b1aad97d25b220edb373"},
    {file = "compreffor-0.5.1-cp36-cp36m-manylinux1_x86_64.whl", hash = "sha256:c36bce755f698b049af763c80d6239c2817168007cae0b158e5d0eed00e18f70"},
    {file = "compreffor-0.5.1-cp36-cp36m-win32.whl", hash = "sha256:729aa2371bc61af6d419d22fb03d42665a0b0c20671be8e343489260a1ae3022"},
    {file = "compreffor-0.5.1-cp36-cp36m-win_amd64.whl", hash = "sha256:7f18bb8a023966d1129021a263fd57480b6ee41136accf6664ea43275d5fe6b1"},
    {file = "compreffor-0.5.1-cp37-cp37m-macosx_10_9_x86_64.whl", hash = "sha256:f678d527ff5672ddd7af354b4b766466cc52bfa297cacd43c2ba444972162885"},
    {file = "compreffor-0.5.1-cp37-cp37m-manylinux1_x86_64.whl", hash = "sha256:e339de76f260d8d436b334cc7d5e230210af33b5ca5692c7f3ecfc8c35dfa114"},
    {file = "compreffor-0.5.1-cp37-cp37m-win32.whl", hash = "sha256:415a4f02d4464f84d6992fc649f789e8e3debbc6fb883b25207ae6426dd9f1dd"},
    {file = "compreffor-0.5.1-cp37-cp37m-win_amd64.whl", hash = "sha256:c81ab7713a0ba5936e9af536fe483dfd9563111814d3acdcb89da2c96eaebae0"},
    {file = "compreffor-0.5.1-cp38-cp38-macosx_10_9_x86_64.whl", hash = "sha256:00c861171aebe54436b7d3a0e7b5ec24a1ecafaa8dc5bec72f9ed0565c771d78"},
    {file = "compreffor-0.5.1-cp38-cp38-manylinux1_x86_64.whl", hash = "sha256:2689e65ad42acded15da6c06808e8489d35c3d0223f5418bd0f5561e86981468"},
    {file = "compreffor-0.5.1-cp38-cp38-win32.whl", hash = "sha256:f8c05c39a3902148f17a90dc55c47ca578585d45e6a801eb9c6be3b8cba34e9e"},
    {file = "compreffor-0.5.1-cp38-cp38-win_amd64.whl", hash = "sha256:25d411a7744b2e801a3b3acadccc3eb26f1315ced2b2e6ce9f68c3eacd1bea3b"},
    {file = "compreffor-0.5.1-cp39-cp39-macosx_10_9_x86_64.whl", hash = "sha256:02fe8f21e222e43c5b004dff47c9d5a3e2b1afdf2cabafbf238f6cbd7bd39474"},
    {file = "compreffor-0.5.1-cp39-cp39-manylinux1_x86_64.whl", hash = "sha256:d6014b95ad85eb4939573e55550e8dcb1dac10ae1748e95559675f6ecf0bb3b9"},
    {file = "compreffor-0.5.1-cp39-cp39-win32.whl", hash = "sha256:5d097aa3ab91e901ef2a94320e50dc280b8225cbe479dcab5c1da96098dbe722"},
    {file = "compreffor-0.5.1-cp39-cp39-win_amd64.whl", hash = "sha256:e272670eeb77bddb7d1669355909e4ae989ee8fd5ab37219e7399ae134540332"},
    {file = "compreffor-0.5.1.zip", hash = "sha256:5ee371aea1ba2db13884e2dec9a7bd2a51f87a9d06085e9321f58e5bde94c6c3"},
]
cu2qu = [
    {file = "cu2qu-1.6.7-cp27-cp27m-macosx_10_9_x86_64.whl", hash = "sha256:29dabbe8fdb2a7e2334cb65e56acfe7caee257b64784c038823622eb4e427f43"},
    {file = "cu2qu-1.6.7-cp27-cp27m-manylinux1_i686.whl", hash = "sha256:135174357d1ca0e7913c7e76463761573d0034441b5dab7f37bc260d076e7c47"},
    {file = "cu2qu-1.6.7-cp27-cp27m-manylinux1_x86_64.whl", hash = "sha256:34c7db39ab60f4f5c02d9f9fe0ddf69b5b56d243dd20c1b18128a66f0d69e50d"},
    {file = "cu2qu-1.6.7-cp27-cp27m-win32.whl", hash = "sha256:72a2de373dc082364b692899480353149c8d3cc3c5877b15a51d2e419243855c"},
    {file = "cu2qu-1.6.7-cp27-cp27m-win_amd64.whl", hash = "sha256:88f17f7abc657bfd67ddcec0650d11b7a67cd28eae1bc5df8ca71551f8aee776"},
    {file = "cu2qu-1.6.7-cp27-cp27mu-manylinux1_i686.whl", hash = "sha256:1337a4dc510c019c11936e3335396b7eae633b4ca1af3e3e720109a54c29e457"},
    {file = "cu2qu-1.6.7-cp27-cp27mu-manylinux1_x86_64.whl", hash = "sha256:a8127ecb837e189ac5e24902a46a99ac4ff0e9f0896a99b28bb76f02458bbc91"},
    {file = "cu2qu-1.6.7-cp36-cp36m-macosx_10_9_x86_64.whl", hash = "sha256:8c358275b79334a8755233b48c1c265a4ff53aa3d4f360dfcc58ad6ad6114ed9"},
    {file = "cu2qu-1.6.7-cp36-cp36m-manylinux1_i686.whl", hash = "sha256:f165179096a5a5c94376c6f599ac52a8d59cfe84becd2a2fafb56b134475a8e2"},
    {file = "cu2qu-1.6.7-cp36-cp36m-manylinux1_x86_64.whl", hash = "sha256:d3c241332e8289e486856e8c55d4819e6e377edbea10ae6d698c492f25faace7"},
    {file = "cu2qu-1.6.7-cp36-cp36m-win32.whl", hash = "sha256:111303caedb3f37dfd05c23327a7d0cc715e6b785dcde403af4984d43cf68430"},
    {file = "cu2qu-1.6.7-cp36-cp36m-win_amd64.whl", hash = "sha256:46c5855a3214cafc876472e88b328590ccefc25ba4ae34b4ad144e7a7637eed4"},
    {file = "cu2qu-1.6.7-cp37-cp37m-macosx_10_9_x86_64.whl", hash = "sha256:60660b80fba8f18415c99bc41a64e3fcfd5f2f74f4bf525ca7b6b7d8ef2474bc"},
    {file = "cu2qu-1.6.7-cp37-cp37m-manylinux1_i686.whl", hash = "sha256:015bac360cdabd9698e40068444017ce0bb18338dc37e598905c437a61f1eb19"},
    {file = "cu2qu-1.6.7-cp37-cp37m-manylinux1_x86_64.whl", hash = "sha256:c507cd0a3d0c6cb501c2c889b88dea5a6d37c98f99dd54adc449e63c9904cf20"},
    {file = "cu2qu-1.6.7-cp37-cp37m-win32.whl", hash = "sha256:1ee0aef065ee48fa7a50244a10b0c9fd2a1bfea5f59595a6cee55e5e821d3503"},
    {file = "cu2qu-1.6.7-cp37-cp37m-win_amd64.whl", hash = "sha256:1975303591ccbe12f78b8204db39273e66dde5504cd5622238353cbd939ed4e6"},
    {file = "cu2qu-1.6.7-cp38-cp38-macosx_10_9_x86_64.whl", hash = "sha256:abf8312bb789431aba8df813c99751b478ee238a2898184da9d2f0b9a96ba451"},
    {file = "cu2qu-1.6.7-cp38-cp38-manylinux1_i686.whl", hash = "sha256:ac8e1a99a7931fcc39ea19f8cbb8e75091ab7f1456e75dd7e9da372355838154"},
    {file = "cu2qu-1.6.7-cp38-cp38-manylinux1_x86_64.whl", hash = "sha256:9358083ccecaceda3371ff9f2cf0783b3e5e55acd4b46a1dd572b008352d51f9"},
    {file = "cu2qu-1.6.7-cp38-cp38-win32.whl", hash = "sha256:43739dcfe55f5ad754d5b54a51de282668f7f4b9157c624a781a7622591c6e06"},
    {file = "cu2qu-1.6.7-cp38-cp38-win_amd64.whl", hash = "sha256:5c65762ed60db1db37d6d21981b68e0e6acbaac9e9e8f6f3debc76d032596ddd"},
    {file = "cu2qu-1.6.7.zip", hash = "sha256:559e962539c27a2964e7a2693c7053eacdabf771f0103e83baaadfa567bd8139"},
]
defcon = [
    {file = "defcon-0.7.2-py3-none-any.whl", hash = "sha256:d00f91c60c4a411276dab30a9129e34a7a118f41493c4971541ad9287985807f"},
    {file = "defcon-0.7.2.zip", hash = "sha256:1967eaa23dcc8e1cbe3bd130aae4d9ddb72027b62d3e23eeb640065cfbd6d8d1"},
]
flake8 = [
    {file = "flake8-3.8.4-py2.py3-none-any.whl", hash = "sha256:749dbbd6bfd0cf1318af27bf97a14e28e5ff548ef8e5b1566ccfb25a11e7c839"},
    {file = "flake8-3.8.4.tar.gz", hash = "sha256:aadae8761ec651813c24be05c6f7b4680857ef6afaae4651a4eccaef97ce6c3b"},
]
fontmake = [
    {file = "fontmake-2.3.0-py3-none-any.whl", hash = "sha256:2a974d44764429affb954ab6e47a02e22d2bb95a59f316f76056c2ca3a0b1325"},
    {file = "fontmake-2.3.0.zip", hash = "sha256:8e6c5ba20e124d56fe68a9fcfa94caf20f5335f287b481decf2bd66c855e4ced"},
]
fontmath = [
    {file = "fontMath-0.6.0-py2.py3-none-any.whl", hash = "sha256:c823e0e607866f0740ba17f1933e7004a472879af1211f6751bda6b532c47c9d"},
    {file = "fontMath-0.6.0.zip", hash = "sha256:5a93002bfdcacd16b117b498f6e5ffa5d8fd263ccd8c587d9aa553e965c3ad27"},
]
fonttools = [
    {file = "fonttools-4.19.1-py3-none-any.whl", hash = "sha256:ccbdbde68b4a9f23d46178ef9ac8ad785b369db0d33a85802967121b3202fb7f"},
    {file = "fonttools-4.19.1.zip", hash = "sha256:4a2b8450bd3b1c23e6259d37c0f1e403519c91b8373b83bb9e3c6e70748cf07b"},
]
fs = [
    {file = "fs-2.4.12-py2.py3-none-any.whl", hash = "sha256:da6cc360677712ae27ac4be8a3ef404dd7970dbd1c3eebe87a25bebd94e84b4c"},
    {file = "fs-2.4.12.tar.gz", hash = "sha256:c10ba188b14d6213a1ca950efd004931abbfa64b294c80bbf1045753831bf42f"},
]
glyphslib = [
    {file = "glyphsLib-5.3.2-py3-none-any.whl", hash = "sha256:2698801206996dc8e8a1e9dff6cab25d0fa1a4d6fc94f443a28ed7179c344216"},
    {file = "glyphsLib-5.3.2.zip", hash = "sha256:f0a4247c23c96c5d40a14970f651b402b8e23e517cf1a974bb8682e02d5cd3f9"},
]
lxml = [
    {file = "lxml-4.6.2-cp27-cp27m-macosx_10_9_x86_64.whl", hash = "sha256:a9d6bc8642e2c67db33f1247a77c53476f3a166e09067c0474facb045756087f"},
    {file = "lxml-4.6.2-cp27-cp27m-manylinux1_i686.whl", hash = "sha256:791394449e98243839fa822a637177dd42a95f4883ad3dec2a0ce6ac99fb0a9d"},
    {file = "lxml-4.6.2-cp27-cp27m-manylinux1_x86_64.whl", hash = "sha256:68a5d77e440df94011214b7db907ec8f19e439507a70c958f750c18d88f995d2"},
    {file = "lxml-4.6.2-cp27-cp27m-win32.whl", hash = "sha256:fc37870d6716b137e80d19241d0e2cff7a7643b925dfa49b4c8ebd1295eb506e"},
    {file = "lxml-4.6.2-cp27-cp27m-win_amd64.whl", hash = "sha256:69a63f83e88138ab7642d8f61418cf3180a4d8cd13995df87725cb8b893e950e"},
    {file = "lxml-4.6.2-cp27-cp27mu-manylinux1_i686.whl", hash = "sha256:42ebca24ba2a21065fb546f3e6bd0c58c3fe9ac298f3a320147029a4850f51a2"},
    {file = "lxml-4.6.2-cp27-cp27mu-manylinux1_x86_64.whl", hash = "sha256:f83d281bb2a6217cd806f4cf0ddded436790e66f393e124dfe9731f6b3fb9afe"},
    {file = "lxml-4.6.2-cp35-cp35m-manylinux1_i686.whl", hash = "sha256:535f067002b0fd1a4e5296a8f1bf88193080ff992a195e66964ef2a6cfec5388"},
    {file = "lxml-4.6.2-cp35-cp35m-manylinux1_x86_64.whl", hash = "sha256:366cb750140f221523fa062d641393092813b81e15d0e25d9f7c6025f910ee80"},
    {file = "lxml-4.6.2-cp35-cp35m-manylinux2014_aarch64.whl", hash = "sha256:97db258793d193c7b62d4e2586c6ed98d51086e93f9a3af2b2034af01450a74b"},
    {file = "lxml-4.6.2-cp35-cp35m-win32.whl", hash = "sha256:648914abafe67f11be7d93c1a546068f8eff3c5fa938e1f94509e4a5d682b2d8"},
    {file = "lxml-4.6.2-cp35-cp35m-win_amd64.whl", hash = "sha256:4e751e77006da34643ab782e4a5cc21ea7b755551db202bc4d3a423b307db780"},
    {file = "lxml-4.6.2-cp36-cp36m-macosx_10_9_x86_64.whl", hash = "sha256:681d75e1a38a69f1e64ab82fe4b1ed3fd758717bed735fb9aeaa124143f051af"},
    {file = "lxml-4.6.2-cp36-cp36m-manylinux1_i686.whl", hash = "sha256:127f76864468d6630e1b453d3ffbbd04b024c674f55cf0a30dc2595137892d37"},
    {file = "lxml-4.6.2-cp36-cp36m-manylinux1_x86_64.whl", hash = "sha256:4fb85c447e288df535b17ebdebf0ec1cf3a3f1a8eba7e79169f4f37af43c6b98"},
    {file = "lxml-4.6.2-cp36-cp36m-manylinux2014_aarch64.whl", hash = "sha256:5be4a2e212bb6aa045e37f7d48e3e1e4b6fd259882ed5a00786f82e8c37ce77d"},
    {file = "lxml-4.6.2-cp36-cp36m-win32.whl", hash = "sha256:8c88b599e226994ad4db29d93bc149aa1aff3dc3a4355dd5757569ba78632bdf"},
    {file = "lxml-4.6.2-cp36-cp36m-win_amd64.whl", hash = "sha256:6e4183800f16f3679076dfa8abf2db3083919d7e30764a069fb66b2b9eff9939"},
    {file = "lxml-4.6.2-cp37-cp37m-macosx_10_9_x86_64.whl", hash = "sha256:d8d3d4713f0c28bdc6c806a278d998546e8efc3498949e3ace6e117462ac0a5e"},
    {file = "lxml-4.6.2-cp37-cp37m-manylinux1_i686.whl", hash = "sha256:8246f30ca34dc712ab07e51dc34fea883c00b7ccb0e614651e49da2c49a30711"},
    {file = "lxml-4.6.2-cp37-cp37m-manylinux1_x86_64.whl", hash = "sha256:923963e989ffbceaa210ac37afc9b906acebe945d2723e9679b643513837b089"},
    {file = "lxml-4.6.2-cp37-cp37m-manylinux2014_aarch64.whl", hash = "sha256:1471cee35eba321827d7d53d104e7b8c593ea3ad376aa2df89533ce8e1b24a01"},
    {file = "lxml-4.6.2-cp37-cp37m-win32.whl", hash = "sha256:2363c35637d2d9d6f26f60a208819e7eafc4305ce39dc1d5005eccc4593331c2"},
    {file = "lxml-4.6.2-cp37-cp37m-win_amd64.whl", hash = "sha256:f4822c0660c3754f1a41a655e37cb4dbbc9be3d35b125a37fab6f82d47674ebc"},
    {file = "lxml-4.6.2-cp38-cp38-macosx_10_9_x86_64.whl", hash = "sha256:0448576c148c129594d890265b1a83b9cd76fd1f0a6a04620753d9a6bcfd0a4d"},
    {file = "lxml-4.6.2-cp38-cp38-manylinux1_i686.whl", hash = "sha256:60a20bfc3bd234d54d49c388950195d23a5583d4108e1a1d47c9eef8d8c042b3"},
    {file = "lxml-4.6.2-cp38-cp38-manylinux1_x86_64.whl", hash = "sha256:2e5cc908fe43fe1aa299e58046ad66981131a66aea3129aac7770c37f590a644"},
    {file = "lxml-4.6.2-cp38-cp38-manylinux2014_aarch64.whl", hash = "sha256:50c348995b47b5a4e330362cf39fc503b4a43b14a91c34c83b955e1805c8e308"},
    {file = "lxml-4.6.2-cp38-cp38-win32.whl", hash = "sha256:94d55bd03d8671686e3f012577d9caa5421a07286dd351dfef64791cf7c6c505"},
    {file = "lxml-4.6.2-cp38-cp38-win_amd64.whl", hash = "sha256:7a7669ff50f41225ca5d6ee0a1ec8413f3a0d8aa2b109f86d540887b7ec0d72a"},
    {file = "lxml-4.6.2-cp39-cp39-macosx_10_9_x86_64.whl", hash = "sha256:e0bfe9bb028974a481410432dbe1b182e8191d5d40382e5b8ff39cdd2e5c5931"},
    {file = "lxml-4.6.2-cp39-cp39-manylinux1_i686.whl", hash = "sha256:6fd8d5903c2e53f49e99359b063df27fdf7acb89a52b6a12494208bf61345a03"},
    {file = "lxml-4.6.2-cp39-cp39-manylinux1_x86_64.whl", hash = "sha256:7e9eac1e526386df7c70ef253b792a0a12dd86d833b1d329e038c7a235dfceb5"},
    {file = "lxml-4.6.2-cp39-cp39-manylinux2014_aarch64.whl", hash = "sha256:7ee8af0b9f7de635c61cdd5b8534b76c52cd03536f29f51151b377f76e214a1a"},
    {file = "lxml-4.6.2-cp39-cp39-win32.whl", hash = "sha256:2e6fd1b8acd005bd71e6c94f30c055594bbd0aa02ef51a22bbfa961ab63b2d75"},
    {file = "lxml-4.6.2-cp39-cp39-win_amd64.whl", hash = "sha256:535332fe9d00c3cd455bd3dd7d4bacab86e2d564bdf7606079160fa6251caacf"},
    {file = "lxml-4.6.2.tar.gz", hash = "sha256:cd11c7e8d21af997ee8079037fff88f16fda188a9776eb4b81c7e4c9c0a7d7fc"},
]
mccabe = [
    {file = "mccabe-0.6.1-py2.py3-none-any.whl", hash = "sha256:ab8a6258860da4b6677da4bd2fe5dc2c659cff31b3ee4f7f5d64e79735b80d42"},
    {file = "mccabe-0.6.1.tar.gz", hash = "sha256:dd8d182285a0fe56bace7f45b5e7d1a6ebcbf524e8f3bd87eb0f125271b8831f"},
]
pyclipper = [
    {file = "pyclipper-1.2.1-cp36-cp36m-macosx_10_9_x86_64.whl", hash = "sha256:695b5e6ee6ef7bd50cd5c0b57c8894c3501af9a6e5b45680efa604bc6d142f5e"},
    {file = "pyclipper-1.2.1-cp36-cp36m-manylinux1_x86_64.whl", hash = "sha256:f1d6d685b650ffb9940c77485cd27f558284f7f67723741729452f103e310c61"},
    {file = "pyclipper-1.2.1-cp36-cp36m-win32.whl", hash = "sha256:5c270afb9d3655b5f2feb7ba341b498e9cc589c6183e87ca633d8e6c0c4bbb88"},
    {file = "pyclipper-1.2.1-cp36-cp36m-win_amd64.whl", hash = "sha256:ed499d2e6ca6be4a7de72fe5765f17a053940e8ab690d54906566224ae257636"},
    {file = "pyclipper-1.2.1-cp37-cp37m-macosx_10_9_x86_64.whl", hash = "sha256:c8e451acc63de4f4e072786af2bebefc5ecde58632de67e1517229d018b7d50c"},
    {file = "pyclipper-1.2.1-cp37-cp37m-manylinux1_x86_64.whl", hash = "sha256:099feeda27bf4314b92cb62faf12d76f1d474db3877e7a551dc0c2ae93f423f7"},
    {file = "pyclipper-1.2.1-cp37-cp37m-win32.whl", hash = "sha256:184a9ee96cb7b85688a996715b285521bdad61f78b0ad8abbba272369d58cf32"},
    {file = "pyclipper-1.2.1-cp37-cp37m-win_amd64.whl", hash = "sha256:2c5e4f707fb7c60d95c09b4282a116f23a9480ea95d0276f1c8888d0343c5e4f"},
    {file = "pyclipper-1.2.1-cp38-cp38-macosx_10_9_x86_64.whl", hash = "sha256:2b256b7dece9ad8dca4c900512eee5f2788e7a89e27a902e28cc0a3a010fc9b2"},
    {file = "pyclipper-1.2.1-cp38-cp38-manylinux1_x86_64.whl", hash = "sha256:58554fa1ba44da4a17ed97f8acbdbaabc2d7b3aed37e47b2999aeefb313416cb"},
    {file = "pyclipper-1.2.1-cp38-cp38-win32.whl", hash = "sha256:cf3b5f02992d29c25eec9bf347a8c8dc34f1eb0bf74f4bc3574a67753840e8af"},
    {file = "pyclipper-1.2.1-cp38-cp38-win_amd64.whl", hash = "sha256:57bafe66ddd6c0e6a9d3c7b29367e5a9f35707b9490594aa829e47affc8d1872"},
    {file = "pyclipper-1.2.1-cp39-cp39-macosx_10_9_x86_64.whl", hash = "sha256:9c8fb345cfe4b2e363640ce61a8c0fd62bb6dd1c0dab90979ccfd6319dbfbd06"},
    {file = "pyclipper-1.2.1-cp39-cp39-manylinux1_x86_64.whl", hash = "sha256:aff9e7b5088eade4ff7b3f6a1eb4782eecdbca82c0f1af8693501e025309fd37"},
    {file = "pyclipper-1.2.1-cp39-cp39-win32.whl", hash = "sha256:d9025aa761b153655117456caf0d4c8c4f93ed6813a23732a60b66f748b0fc21"},
    {file = "pyclipper-1.2.1-cp39-cp39-win_amd64.whl", hash = "sha256:2d7bc7eb618061b3e00ea2bc7b211455a097bc2d1fe6f7c11d4ebeb190f73382"},
    {file = "pyclipper-1.2.1.zip", hash = "sha256:ca3751e93559f0438969c46f17459d07f983281dac170c3479de56492e152855"},
]
pycodestyle = [
    {file = "pycodestyle-2.6.0-py2.py3-none-any.whl", hash = "sha256:2295e7b2f6b5bd100585ebcb1f616591b652db8a741695b3d8f5d28bdc934367"},
    {file = "pycodestyle-2.6.0.tar.gz", hash = "sha256:c58a7d2815e0e8d7972bf1803331fb0152f867bd89adf8a01dfd55085434192e"},
]
pyflakes = [
    {file = "pyflakes-2.2.0-py2.py3-none-any.whl", hash = "sha256:0d94e0e05a19e57a99444b6ddcf9a6eb2e5c68d3ca1e98e90707af8152c90a92"},
    {file = "pyflakes-2.2.0.tar.gz", hash = "sha256:35b2d75ee967ea93b55750aa9edbbf72813e06a66ba54438df2cfac9e3c27fc8"},
]
pytz = [
    {file = "pytz-2021.1-py2.py3-none-any.whl", hash = "sha256:eb10ce3e7736052ed3623d49975ce333bcd712c7bb19a58b9e2089d4057d0798"},
    {file = "pytz-2021.1.tar.gz", hash = "sha256:83a4a90894bf38e243cf052c8b58f381bfe9a7a483f6a9cab140bc7f702ac4da"},
]
pyyaml = [
    {file = "PyYAML-5.4.1-cp27-cp27m-macosx_10_9_x86_64.whl", hash = "sha256:3b2b1824fe7112845700f815ff6a489360226a5609b96ec2190a45e62a9fc922"},
    {file = "PyYAML-5.4.1-cp27-cp27m-win32.whl", hash = "sha256:129def1b7c1bf22faffd67b8f3724645203b79d8f4cc81f674654d9902cb4393"},
    {file = "PyYAML-5.4.1-cp27-cp27m-win_amd64.whl", hash = "sha256:4465124ef1b18d9ace298060f4eccc64b0850899ac4ac53294547536533800c8"},
    {file = "PyYAML-5.4.1-cp27-cp27mu-manylinux1_x86_64.whl", hash = "sha256:bb4191dfc9306777bc594117aee052446b3fa88737cd13b7188d0e7aa8162185"},
    {file = "PyYAML-5.4.1-cp36-cp36m-macosx_10_9_x86_64.whl", hash = "sha256:6c78645d400265a062508ae399b60b8c167bf003db364ecb26dcab2bda048253"},
    {file = "PyYAML-5.4.1-cp36-cp36m-manylinux1_x86_64.whl", hash = "sha256:4e0583d24c881e14342eaf4ec5fbc97f934b999a6828693a99157fde912540cc"},
    {file = "PyYAML-5.4.1-cp36-cp36m-win32.whl", hash = "sha256:3bd0e463264cf257d1ffd2e40223b197271046d09dadf73a0fe82b9c1fc385a5"},
    {file = "PyYAML-5.4.1-cp36-cp36m-win_amd64.whl", hash = "sha256:e4fac90784481d221a8e4b1162afa7c47ed953be40d31ab4629ae917510051df"},
    {file = "PyYAML-5.4.1-cp37-cp37m-macosx_10_9_x86_64.whl", hash = "sha256:5accb17103e43963b80e6f837831f38d314a0495500067cb25afab2e8d7a4018"},
    {file = "PyYAML-5.4.1-cp37-cp37m-manylinux1_x86_64.whl", hash = "sha256:e1d4970ea66be07ae37a3c2e48b5ec63f7ba6804bdddfdbd3cfd954d25a82e63"},
    {file = "PyYAML-5.4.1-cp37-cp37m-win32.whl", hash = "sha256:dd5de0646207f053eb0d6c74ae45ba98c3395a571a2891858e87df7c9b9bd51b"},
    {file = "PyYAML-5.4.1-cp37-cp37m-win_amd64.whl", hash = "sha256:08682f6b72c722394747bddaf0aa62277e02557c0fd1c42cb853016a38f8dedf"},
    {file = "PyYAML-5.4.1-cp38-cp38-macosx_10_9_x86_64.whl", hash = "sha256:d2d9808ea7b4af864f35ea216be506ecec180628aced0704e34aca0b040ffe46"},
    {file = "PyYAML-5.4.1-cp38-cp38-manylinux1_x86_64.whl", hash = "sha256:8c1be557ee92a20f184922c7b6424e8ab6691788e6d86137c5d93c1a6ec1b8fb"},
    {file = "PyYAML-5.4.1-cp38-cp38-win32.whl", hash = "sha256:fa5ae20527d8e831e8230cbffd9f8fe952815b2b7dae6ffec25318803a7528fc"},
    {file = "PyYAML-5.4.1-cp38-cp38-win_amd64.whl", hash = "sha256:0f5f5786c0e09baddcd8b4b45f20a7b5d61a7e7e99846e3c799b05c7c53fa696"},
    {file = "PyYAML-5.4.1-cp39-cp39-macosx_10_9_x86_64.whl", hash = "sha256:294db365efa064d00b8d1ef65d8ea2c3426ac366c0c4368d930bf1c5fb497f77"},
    {file = "PyYAML-5.4.1-cp39-cp39-manylinux1_x86_64.whl", hash = "sha256:74c1485f7707cf707a7aef42ef6322b8f97921bd89be2ab6317fd782c2d53183"},
    {file = "PyYAML-5.4.1-cp39-cp39-win32.whl", hash = "sha256:49d4cdd9065b9b6e206d0595fee27a96b5dd22618e7520c33204a4a3239d5b10"},
    {file = "PyYAML-5.4.1-cp39-cp39-win_amd64.whl", hash = "sha256:c20cfa2d49991c8b4147af39859b167664f2ad4561704ee74c1de03318e898db"},
    {file = "PyYAML-5.4.1.tar.gz", hash = "sha256:607774cbba28732bfa802b54baa7484215f530991055bb562efbed5b2f20a45e"},
]
regex = [
    {file = "regex-2020.11.13-cp36-cp36m-macosx_10_9_x86_64.whl", hash = "sha256:8b882a78c320478b12ff024e81dc7d43c1462aa4a3341c754ee65d857a521f85"},
    {file = "regex-2020.11.13-cp36-cp36m-manylinux1_i686.whl", hash = "sha256:a63f1a07932c9686d2d416fb295ec2c01ab246e89b4d58e5fa468089cab44b70"},
    {file = "regex-2020.11.13-cp36-cp36m-manylinux1_x86_64.whl", hash = "sha256:6e4b08c6f8daca7d8f07c8d24e4331ae7953333dbd09c648ed6ebd24db5a10ee"},
    {file = "regex-2020.11.13-cp36-cp36m-manylinux2010_i686.whl", hash = "sha256:bba349276b126947b014e50ab3316c027cac1495992f10e5682dc677b3dfa0c5"},
    {file = "regex-2020.11.13-cp36-cp36m-manylinux2010_x86_64.whl", hash = "sha256:56e01daca75eae420bce184edd8bb341c8eebb19dd3bce7266332258f9fb9dd7"},
    {file = "regex-2020.11.13-cp36-cp36m-manylinux2014_aarch64.whl", hash = "sha256:6a8ce43923c518c24a2579fda49f093f1397dad5d18346211e46f134fc624e31"},
    {file = "regex-2020.11.13-cp36-cp36m-manylinux2014_i686.whl", hash = "sha256:1ab79fcb02b930de09c76d024d279686ec5d532eb814fd0ed1e0051eb8bd2daa"},
    {file = "regex-2020.11.13-cp36-cp36m-manylinux2014_x86_64.whl", hash = "sha256:9801c4c1d9ae6a70aeb2128e5b4b68c45d4f0af0d1535500884d644fa9b768c6"},
    {file = "regex-2020.11.13-cp36-cp36m-win32.whl", hash = "sha256:49cae022fa13f09be91b2c880e58e14b6da5d10639ed45ca69b85faf039f7a4e"},
    {file = "regex-2020.11.13-cp36-cp36m-win_amd64.whl", hash = "sha256:749078d1eb89484db5f34b4012092ad14b327944ee7f1c4f74d6279a6e4d1884"},
    {file = "regex-2020.11.13-cp37-cp37m-macosx_10_9_x86_64.whl", hash = "sha256:b2f4007bff007c96a173e24dcda236e5e83bde4358a557f9ccf5e014439eae4b"},
    {file = "regex-2020.11.13-cp37-cp37m-manylinux1_i686.whl", hash = "sha256:38c8fd190db64f513fe4e1baa59fed086ae71fa45083b6936b52d34df8f86a88"},
    {file = "regex-2020.11.13-cp37-cp37m-manylinux1_x86_64.whl", hash = "sha256:5862975b45d451b6db51c2e654990c1820523a5b07100fc6903e9c86575202a0"},
    {file = "regex-2020.11.13-cp37-cp37m-manylinux2010_i686.whl", hash = "sha256:262c6825b309e6485ec2493ffc7e62a13cf13fb2a8b6d212f72bd53ad34118f1"},
    {file = "regex-2020.11.13-cp37-cp37m-manylinux2010_x86_64.whl", hash = "sha256:bafb01b4688833e099d79e7efd23f99172f501a15c44f21ea2118681473fdba0"},
    {file = "regex-2020.11.13-cp37-cp37m-manylinux2014_aarch64.whl", hash = "sha256:e32f5f3d1b1c663af7f9c4c1e72e6ffe9a78c03a31e149259f531e0fed826512"},
    {file = "regex-2020.11.13-cp37-cp37m-manylinux2014_i686.whl", hash = "sha256:3bddc701bdd1efa0d5264d2649588cbfda549b2899dc8d50417e47a82e1387ba"},
    {file = "regex-2020.11.13-cp37-cp37m-manylinux2014_x86_64.whl", hash = "sha256:02951b7dacb123d8ea6da44fe45ddd084aa6777d4b2454fa0da61d569c6fa538"},
    {file = "regex-2020.11.13-cp37-cp37m-win32.whl", hash = "sha256:0d08e71e70c0237883d0bef12cad5145b84c3705e9c6a588b2a9c7080e5af2a4"},
    {file = "regex-2020.11.13-cp37-cp37m-win_amd64.whl", hash = "sha256:1fa7ee9c2a0e30405e21031d07d7ba8617bc590d391adfc2b7f1e8b99f46f444"},
    {file = "regex-2020.11.13-cp38-cp38-macosx_10_9_x86_64.whl", hash = "sha256:baf378ba6151f6e272824b86a774326f692bc2ef4cc5ce8d5bc76e38c813a55f"},
    {file = "regex-2020.11.13-cp38-cp38-manylinux1_i686.whl", hash = "sha256:e3faaf10a0d1e8e23a9b51d1900b72e1635c2d5b0e1bea1c18022486a8e2e52d"},
    {file = "regex-2020.11.13-cp38-cp38-manylinux1_x86_64.whl", hash = "sha256:2a11a3e90bd9901d70a5b31d7dd85114755a581a5da3fc996abfefa48aee78af"},
    {file = "regex-2020.11.13-cp38-cp38-manylinux2010_i686.whl", hash = "sha256:d1ebb090a426db66dd80df8ca85adc4abfcbad8a7c2e9a5ec7513ede522e0a8f"},
    {file = "regex-2020.11.13-cp38-cp38-manylinux2010_x86_64.whl", hash = "sha256:b2b1a5ddae3677d89b686e5c625fc5547c6e492bd755b520de5332773a8af06b"},
    {file = "regex-2020.11.13-cp38-cp38-manylinux2014_aarch64.whl", hash = "sha256:2c99e97d388cd0a8d30f7c514d67887d8021541b875baf09791a3baad48bb4f8"},
    {file = "regex-2020.11.13-cp38-cp38-manylinux2014_i686.whl", hash = "sha256:c084582d4215593f2f1d28b65d2a2f3aceff8342aa85afd7be23a9cad74a0de5"},
    {file = "regex-2020.11.13-cp38-cp38-manylinux2014_x86_64.whl", hash = "sha256:a3d748383762e56337c39ab35c6ed4deb88df5326f97a38946ddd19028ecce6b"},
    {file = "regex-2020.11.13-cp38-cp38-win32.whl", hash = "sha256:7913bd25f4ab274ba37bc97ad0e21c31004224ccb02765ad984eef43e04acc6c"},
    {file = "regex-2020.11.13-cp38-cp38-win_amd64.whl", hash = "sha256:6c54ce4b5d61a7129bad5c5dc279e222afd00e721bf92f9ef09e4fae28755683"},
    {file = "regex-2020.11.13-cp39-cp39-macosx_10_9_x86_64.whl", hash = "sha256:1862a9d9194fae76a7aaf0150d5f2a8ec1da89e8b55890b1786b8f88a0f619dc"},
    {file = "regex-2020.11.13-cp39-cp39-manylinux1_i686.whl", hash = "sha256:4902e6aa086cbb224241adbc2f06235927d5cdacffb2425c73e6570e8d862364"},
    {file = "regex-2020.11.13-cp39-cp39-manylinux1_x86_64.whl", hash = "sha256:7a25fcbeae08f96a754b45bdc050e1fb94b95cab046bf56b016c25e9ab127b3e"},
    {file = "regex-2020.11.13-cp39-cp39-manylinux2010_i686.whl", hash = "sha256:d2d8ce12b7c12c87e41123997ebaf1a5767a5be3ec545f64675388970f415e2e"},
    {file = "regex-2020.11.13-cp39-cp39-manylinux2010_x86_64.whl", hash = "sha256:f7d29a6fc4760300f86ae329e3b6ca28ea9c20823df123a2ea8693e967b29917"},
    {file = "regex-2020.11.13-cp39-cp39-manylinux2014_aarch64.whl", hash = "sha256:717881211f46de3ab130b58ec0908267961fadc06e44f974466d1887f865bd5b"},
    {file = "regex-2020.11.13-cp39-cp39-manylinux2014_i686.whl", hash = "sha256:3128e30d83f2e70b0bed9b2a34e92707d0877e460b402faca908c6667092ada9"},
    {file = "regex-2020.11.13-cp39-cp39-manylinux2014_x86_64.whl", hash = "sha256:8f6a2229e8ad946e36815f2a03386bb8353d4bde368fdf8ca5f0cb97264d3b5c"},
    {file = "regex-2020.11.13-cp39-cp39-win32.whl", hash = "sha256:f8f295db00ef5f8bae530fc39af0b40486ca6068733fb860b42115052206466f"},
    {file = "regex-2020.11.13-cp39-cp39-win_amd64.whl", hash = "sha256:a15f64ae3a027b64496a71ab1f722355e570c3fac5ba2801cafce846bf5af01d"},
    {file = "regex-2020.11.13.tar.gz", hash = "sha256:83d6b356e116ca119db8e7c6fc2983289d87b27b3fac238cfe5dca529d884562"},
]
six = [
    {file = "six-1.15.0-py2.py3-none-any.whl", hash = "sha256:8b74bedcbbbaca38ff6d7491d76f2b06b3592611af620f8426e82dddb04a5ced"},
    {file = "six-1.15.0.tar.gz", hash = "sha256:30639c035cdb23534cd4aa2dd52c3bf48f06e5f4a941509c8bafd8ce11080259"},
]
tptqscripttools = []
tptqutils = []
ufo2ft = [
    {file = "ufo2ft-2.19.1-py2.py3-none-any.whl", hash = "sha256:bef229cffc3a860b74347987e10fd995e1a210bdffb6d3edd29f6e1405b1b85d"},
    {file = "ufo2ft-2.19.1.zip", hash = "sha256:6062ffed395e0a596e4a524d6bc3186f21ab218b9c874b9efd9f40c8718b0396"},
]
ufolib2 = [
    {file = "ufoLib2-0.10.1-py3-none-any.whl", hash = "sha256:899d0a90c7ca9a2793d8feb56dfec8bf945201cc640f0fb8909e57e8cfe4ca72"},
    {file = "ufoLib2-0.10.1.zip", hash = "sha256:47cce22f08902af0e65120621fa9a6311fe25a8f0f5c3de32808da9af736e3a4"},
]
uharfbuzz = [
    {file = "uharfbuzz-0.14.0-cp36-cp36m-macosx_10_6_intel.whl", hash = "sha256:16447dc00a677da00dc7197cf4b36cfd65c2ad7a67c2d42b18b27f71574c7785"},
    {file = "uharfbuzz-0.14.0-cp36-cp36m-manylinux1_x86_64.whl", hash = "sha256:e76a05508cfc998208770a62e3c16c0899ed61646563dd4e5ffbe95cec996761"},
    {file = "uharfbuzz-0.14.0-cp36-cp36m-manylinux2010_x86_64.whl", hash = "sha256:290ae80e3a7dc95e47d6541010f2fc9e3c8f80e5e99a682482b643798e344349"},
    {file = "uharfbuzz-0.14.0-cp36-cp36m-win32.whl", hash = "sha256:06016a146b586fb3f858d1af217897905ba57bf6047fda5a1610a875714378e6"},
    {file = "uharfbuzz-0.14.0-cp36-cp36m-win_amd64.whl", hash = "sha256:2b079d984a3cae2be5557db645408b3c35b1d03fe0ee8ef6fb50e76539d34657"},
    {file = "uharfbuzz-0.14.0-cp37-cp37m-macosx_10_6_intel.whl", hash = "sha256:5cf96b2cbe517481f16906dbc0462d72dc3b009b7eea858e322b1e9578e3fa14"},
    {file = "uharfbuzz-0.14.0-cp37-cp37m-manylinux1_x86_64.whl", hash = "sha256:f4739674b94a7dc9140e0c5d5d5e375d3281f176548eacd2f32b120a89566556"},
    {file = "uharfbuzz-0.14.0-cp37-cp37m-manylinux2010_x86_64.whl", hash = "sha256:4455a3e8b8fcc509a00858e71511e2d93e8cc0bd6ec6d1c4778f4a7ab762ee40"},
    {file = "uharfbuzz-0.14.0-cp37-cp37m-win32.whl", hash = "sha256:cd138723129c8ecdfd5fe735e1467360f85b38242c899dc7770799b42eb69b34"},
    {file = "uharfbuzz-0.14.0-cp37-cp37m-win_amd64.whl", hash = "sha256:6c9fdddaec55c01b4357c9bb4b777ba8e0d48e49decdbbd2e6b8a00688ac2de8"},
    {file = "uharfbuzz-0.14.0-cp38-cp38-macosx_10_9_x86_64.whl", hash = "sha256:f152923c952e6520bef0c2f91c8d3cd57a01c12b88a47c838d6093cbf7a425a9"},
    {file = "uharfbuzz-0.14.0-cp38-cp38-manylinux1_x86_64.whl", hash = "sha256:13adcd98898adbfc59808b4affc3593b38a7098d52da77c4daf3bcac50173df1"},
    {file = "uharfbuzz-0.14.0-cp38-cp38-manylinux2010_x86_64.whl", hash = "sha256:1ca88dd044d82f91b320e16c634f642fac7ffdf3916b3663bc5b8f66fd8ffef4"},
    {file = "uharfbuzz-0.14.0-cp38-cp38-win32.whl", hash = "sha256:610d3b1cf4266a09c840864630fb81863caf7d28f2947b753011966ea64917d4"},
    {file = "uharfbuzz-0.14.0-cp38-cp38-win_amd64.whl", hash = "sha256:8ed530cc60a2689f9dba642be2e5dc5e1e7efce7cfb3da85178abd37d25a51fe"},
    {file = "uharfbuzz-0.14.0.zip", hash = "sha256:965d79ec2d884937431cc627ce87a32052073a92a10ebd7224a707a8084388c5"},
]
