[[package]]
name = "appdirs"
version = "1.4.4"
description = "A small Python module for determining appropriate platform-specific dirs, e.g. a \"user data dir\"."
category = "main"
optional = false
python-versions = "*"

[[package]]
name = "attrs"
version = "20.3.0"
description = "Classes Without Boilerplate"
category = "main"
optional = false
python-versions = ">=2.7, !=3.0.*, !=3.1.*, !=3.2.*, !=3.3.*"

[package.extras]
dev = ["coverage[toml] (>=5.0.2)", "hypothesis", "pympler", "pytest (>=4.3.0)", "six", "zope.interface", "furo", "sphinx", "pre-commit"]
docs = ["furo", "sphinx", "zope.interface"]
tests = ["coverage[toml] (>=5.0.2)", "hypothesis", "pympler", "pytest (>=4.3.0)", "six", "zope.interface"]
tests_no_zope = ["coverage[toml] (>=5.0.2)", "hypothesis", "pympler", "pytest (>=4.3.0)", "six"]

[[package]]
name = "booleanoperations"
version = "0.9.0"
description = "Boolean operations on paths."
category = "main"
optional = false
python-versions = ">=3.6"

[package.dependencies]
fonttools = ">=4.0.2"
pyclipper = ">=1.1.0.post1"

[[package]]
name = "cffsubr"
version = "0.2.7"
description = "Standalone CFF subroutinizer based on the AFDKO tx tool"
category = "main"
optional = false
python-versions = ">=3.6"

[package.dependencies]
fontTools = ">=4.10.2"

[package.extras]
testing = ["pytest"]

[[package]]
name = "compreffor"
version = "0.5.0"
description = "A CFF subroutinizer for fontTools."
category = "main"
optional = false
python-versions = ">=3.6"

[package.dependencies]
fonttools = ">=4"

[[package]]
name = "cu2qu"
version = "1.6.7"
description = "Cubic-to-quadratic bezier curve conversion"
category = "main"
optional = false
python-versions = "*"

[package.dependencies]
fonttools = {version = ">=3.32.0", extras = ["ufo"]}

[package.extras]
cli = ["defcon (>=0.6.0)"]

[[package]]
name = "defcon"
version = "0.7.2"
description = "A set of flexible objects for representing UFO data."
category = "main"
optional = false
python-versions = ">=3.6"

[package.dependencies]
fonttools = {version = ">=4.10.0", extras = ["ufo", "unicode"]}

[package.extras]
lxml = ["fonttools[lxml] (>=4.10.0)"]
pens = ["fontPens (>=0.1.0)"]

[[package]]
name = "feaPyFoFum"
version = "0.1"
description = "A library for making .fea dynamic"
category = "main"
optional = false
python-versions = "*"

[package.source]
type = "git"
url = "https://github.com/typesupply/feaPyFoFum.git"
reference = "master"
resolved_reference = "2f01f9746f5febec2299f5ec8dab977aef139ab8"

[[package]]
name = "flake8"
version = "3.8.4"
description = "the modular source code checker: pep8 pyflakes and co"
category = "dev"
optional = false
python-versions = "!=3.0.*,!=3.1.*,!=3.2.*,!=3.3.*,>=2.7"

[package.dependencies]
mccabe = ">=0.6.0,<0.7.0"
pycodestyle = ">=2.6.0a1,<2.7.0"
pyflakes = ">=2.2.0,<2.3.0"

[[package]]
name = "fontmake"
version = "2.2.1"
description = "Compile fonts from sources (UFO, Glyphs) to binary (OpenType, TrueType)."
category = "main"
optional = false
python-versions = ">=3.6"

[package.dependencies]
attrs = ">=19"
booleanOperations = ">=0.9.0"
cu2qu = ">=1.6.7"
fontMath = ">=0.6.0"
fonttools = {version = ">=4.15.0", extras = ["lxml", "ufo", "unicode"]}
glyphsLib = ">=5.2.0"
ufo2ft = {version = ">=2.16.0", extras = ["cffsubr"]}
ufoLib2 = ">=0.8.0"

[package.extras]
mutatormath = ["MutatorMath (>=2.1.2)"]
pathops = ["skia-pathops (>=0.3.0)"]

[[package]]
name = "fontmath"
version = "0.6.0"
description = "A set of objects for performing math operations on font data."
category = "main"
optional = false
python-versions = "*"

[package.dependencies]
fonttools = ">=3.32.0"

[[package]]
name = "fonttools"
version = "4.16.1"
description = "Tools to manipulate font files"
category = "main"
optional = false
python-versions = ">=3.6"

[package.dependencies]
fs = {version = ">=2.2.0,<3", optional = true, markers = "extra == \"ufo\""}
lxml = {version = ">=4.0,<5", optional = true, markers = "extra == \"lxml\""}

[package.extras]
all = ["fs (>=2.2.0,<3)", "lxml (>=4.0,<5)", "zopfli (>=0.1.4)", "lz4 (>=1.7.4.2)", "matplotlib", "sympy", "skia-pathops (>=0.5.0)", "brotli (>=1.0.1)", "scipy", "brotlipy (>=0.7.0)", "munkres", "unicodedata2 (>=13.0.0)", "xattr"]
graphite = ["lz4 (>=1.7.4.2)"]
interpolatable = ["scipy", "munkres"]
lxml = ["lxml (>=4.0,<5)"]
pathops = ["skia-pathops (>=0.5.0)"]
plot = ["matplotlib"]
symfont = ["sympy"]
type1 = ["xattr"]
ufo = ["fs (>=2.2.0,<3)"]
unicode = ["unicodedata2 (>=13.0.0)"]
woff = ["zopfli (>=0.1.4)", "brotli (>=1.0.1)", "brotlipy (>=0.7.0)"]

[[package]]
name = "fs"
version = "2.4.11"
description = "Python's filesystem abstraction layer"
category = "main"
optional = false
python-versions = "*"

[package.dependencies]
appdirs = ">=1.4.3,<1.5.0"
pytz = "*"
six = ">=1.10,<2.0"

[package.extras]
scandir_ = ["scandir (>=1.5,<2.0)"]

[[package]]
name = "glyphslib"
version = "5.2.0"
description = "A bridge from Glyphs source files (.glyphs) to UFOs"
category = "main"
optional = false
python-versions = ">=3.6"

[package.dependencies]
fonttools = {version = ">=4.6.0", extras = ["ufo", "unicode"]}
ufoLib2 = ">=0.6.2"

[package.extras]
defcon = ["defcon (>=0.6.0)"]
ufo_normalization = ["ufonormalizer"]

[[package]]
name = "lxml"
version = "4.6.1"
description = "Powerful and Pythonic XML processing library combining libxml2/libxslt with the ElementTree API."
category = "main"
optional = false
python-versions = ">=2.7, !=3.0.*, !=3.1.*, !=3.2.*, !=3.3.*, != 3.4.*"

[package.extras]
cssselect = ["cssselect (>=0.7)"]
html5 = ["html5lib"]
htmlsoup = ["beautifulsoup4"]
source = ["Cython (>=0.29.7)"]

[[package]]
name = "mccabe"
version = "0.6.1"
description = "McCabe checker, plugin for flake8"
category = "dev"
optional = false
python-versions = "*"

[[package]]
name = "pyclipper"
version = "1.2.0"
description = "Cython wrapper for the C++ translation of the Angus Johnson's Clipper library (ver. 6.4.2)"
category = "main"
optional = false
python-versions = "*"

[[package]]
name = "pycodestyle"
version = "2.6.0"
description = "Python style guide checker"
category = "dev"
optional = false
python-versions = ">=2.7, !=3.0.*, !=3.1.*, !=3.2.*, !=3.3.*"

[[package]]
name = "pyflakes"
version = "2.2.0"
description = "passive checker of Python programs"
category = "dev"
optional = false
python-versions = ">=2.7, !=3.0.*, !=3.1.*, !=3.2.*, !=3.3.*"

[[package]]
name = "pytz"
version = "2020.4"
description = "World timezone definitions, modern and historical"
category = "main"
optional = false
python-versions = "*"

[[package]]
name = "pyyaml"
version = "5.3.1"
description = "YAML parser and emitter for Python"
category = "main"
optional = false
python-versions = ">=2.7, !=3.0.*, !=3.1.*, !=3.2.*, !=3.3.*, !=3.4.*"

[[package]]
name = "regex"
version = "2020.11.11"
description = "Alternative regular expression module, to replace re."
category = "main"
optional = false
python-versions = "*"

[[package]]
name = "six"
version = "1.15.0"
description = "Python 2 and 3 compatibility utilities"
category = "main"
optional = false
python-versions = ">=2.7, !=3.0.*, !=3.1.*, !=3.2.*"

[[package]]
name = "tptqscripttools"
version = "0.6.0"
description = ""
category = "main"
optional = false
python-versions = "^3.9"  # 3.9: PEP 585, 616, …; 3.8: PEP 572, 570, 589…
develop = true

[package.dependencies]
defcon = "^0.7.2"
feaPyFoFum = "branch master"
fontmake = "^2.2.1"
fonttools = {version = "^4.8.0", extras = ["ufo"]}
regex = "^2020.10.15"
uharfbuzz = "^0.14.0"

[package.source]
type = "directory"
url = "../../tptq/script-tools"

[[package]]
name = "ufo2ft"
version = "2.16.0"
description = "A bridge between UFOs and FontTools."
category = "main"
optional = false
python-versions = ">=3.6"

[package.dependencies]
booleanOperations = ">=0.9.0"
cffsubr = {version = ">=0.2.6", optional = true, markers = "extra == \"cffsubr\""}
compreffor = ">=0.4.6"
cu2qu = ">=1.6.6"
fonttools = {version = ">=4.11.0", extras = ["ufo"]}

[package.extras]
cffsubr = ["cffsubr (>=0.2.6)"]
pathops = ["skia-pathops (>=0.2.0)"]

[[package]]
name = "ufolib2"
version = "0.8.0"
description = "ufoLib2 is a UFO font processing library."
category = "main"
optional = false
python-versions = ">=3.6"

[package.dependencies]
attrs = ">=19.2.0"
fonttools = {version = ">=4.0.0", extras = ["ufo"]}

[package.extras]
lxml = ["lxml"]

[[package]]
name = "uharfbuzz"
version = "0.14.0"
description = "Streamlined Cython bindings for the harfbuzz shaping engine"
category = "main"
optional = false
python-versions = ">=3.5"

[metadata]
lock-version = "1.1"
python-versions = "^3.9"
content-hash = "668507c379ea423f5997854600e59cc70c7191367cd654b11192a27aed3dc313"

[metadata.files]
appdirs = [
    {file = "appdirs-1.4.4-py2.py3-none-any.whl", hash = "sha256:a841dacd6b99318a741b166adb07e19ee71a274450e68237b4650ca1055ab128"},
    {file = "appdirs-1.4.4.tar.gz", hash = "sha256:7d5d0167b2b1ba821647616af46a749d1c653740dd0d2415100fe26e27afdf41"},
]
attrs = [
    {file = "attrs-20.3.0-py2.py3-none-any.whl", hash = "sha256:31b2eced602aa8423c2aea9c76a724617ed67cf9513173fd3a4f03e3a929c7e6"},
    {file = "attrs-20.3.0.tar.gz", hash = "sha256:832aa3cde19744e49938b91fea06d69ecb9e649c93ba974535d08ad92164f700"},
]
booleanoperations = [
    {file = "booleanOperations-0.9.0-py3-none-any.whl", hash = "sha256:86c291c2fba9faedff6f007c932d7f242dd9b4304e9c6ca8149f864d07877a59"},
    {file = "booleanOperations-0.9.0.zip", hash = "sha256:8cfa821c32ad374fa120d6b2e0b444ebeac57c91e6631528645fa19ac2a281b8"},
]
cffsubr = [
    {file = "cffsubr-0.2.7-py3-none-macosx_10_9_x86_64.whl", hash = "sha256:2bbb3465427e6ec314e7285648c2990ca1d9870e482a0b1e979f70ccda9f4f9a"},
    {file = "cffsubr-0.2.7-py3-none-manylinux1_x86_64.whl", hash = "sha256:88a1520fa0f25f2334812c031ddba02dbce06cd6af0629a51204cb2066a3ec5c"},
    {file = "cffsubr-0.2.7-py3-none-win32.whl", hash = "sha256:d0c7e740343c9a401b7907b956be43a1c3413656be48a9fcf175bf1a2712f389"},
    {file = "cffsubr-0.2.7-py3-none-win_amd64.whl", hash = "sha256:30a59b59f67673e03b211e011456cd79e761297972ec4bb67f767807c7117f06"},
    {file = "cffsubr-0.2.7.tar.gz", hash = "sha256:c30a35d2ffcc2d23826757cba9917884cbdb999760d847c6d83b708ebb80c973"},
]
compreffor = [
    {file = "compreffor-0.5.0-cp36-cp36m-macosx_10_6_intel.whl", hash = "sha256:d0ed1c17b13599c387fad824ef2b74e9a367fdffe008c1b7aa65ffb1ac877cee"},
    {file = "compreffor-0.5.0-cp36-cp36m-manylinux1_x86_64.whl", hash = "sha256:1c51eecdb7d225f9b103005e0c249811ac36a417c6f18584ccb393047efdd203"},
    {file = "compreffor-0.5.0-cp36-cp36m-win32.whl", hash = "sha256:889e7cdb615b4f9c6dbb6559637d7fccb69fef0980329ead6ac4980d26844180"},
    {file = "compreffor-0.5.0-cp36-cp36m-win_amd64.whl", hash = "sha256:c1291ba24c1a7bbcd8ac8323c90795423320cef8f5353f8e37e31336e8011d89"},
    {file = "compreffor-0.5.0-cp37-cp37m-macosx_10_6_intel.whl", hash = "sha256:7645d99977987f6860a6b096586f1248d5258eba9e5c98ff56ea475abdf49b6e"},
    {file = "compreffor-0.5.0-cp37-cp37m-manylinux1_x86_64.whl", hash = "sha256:81e9aef6850f565552c33eab3c6f1f6d71362a2e2e300635d7100b24f31f71d0"},
    {file = "compreffor-0.5.0-cp37-cp37m-win32.whl", hash = "sha256:9ee89643131269c1b2356504245ffe7242df1cca2822271e83845afe56b45439"},
    {file = "compreffor-0.5.0-cp37-cp37m-win_amd64.whl", hash = "sha256:0813de14f3cc083d5eac2d1d127fedb1bb804c106d384360781df9622e1c0019"},
    {file = "compreffor-0.5.0-cp38-cp38-macosx_10_9_x86_64.whl", hash = "sha256:df367eb37dac0478b7ee2206142995ab5f678bcac9013d46b80933fa62c58efb"},
    {file = "compreffor-0.5.0-cp38-cp38-manylinux1_x86_64.whl", hash = "sha256:92417091887a582ae27e53828c84e366fffbfe43f573d0962d0f1e8af0984be8"},
    {file = "compreffor-0.5.0-cp38-cp38-win32.whl", hash = "sha256:ed6873d08ff398db2547a34ea74cee7d8f59fb05fc0a1440c367cef4bfe55283"},
    {file = "compreffor-0.5.0-cp38-cp38-win_amd64.whl", hash = "sha256:883faab722a90458e7fb81ccf1f0f34aa045b53c4e2363134ba1ba8c76f61066"},
    {file = "compreffor-0.5.0.zip", hash = "sha256:b804999e0c256094e28a9cbb9306f6031b7cf6884bbb98fd44ad70eed6c4c2fd"},
]
cu2qu = [
    {file = "cu2qu-1.6.7-cp27-cp27m-macosx_10_9_x86_64.whl", hash = "sha256:29dabbe8fdb2a7e2334cb65e56acfe7caee257b64784c038823622eb4e427f43"},
    {file = "cu2qu-1.6.7-cp27-cp27m-manylinux1_i686.whl", hash = "sha256:135174357d1ca0e7913c7e76463761573d0034441b5dab7f37bc260d076e7c47"},
    {file = "cu2qu-1.6.7-cp27-cp27m-manylinux1_x86_64.whl", hash = "sha256:34c7db39ab60f4f5c02d9f9fe0ddf69b5b56d243dd20c1b18128a66f0d69e50d"},
    {file = "cu2qu-1.6.7-cp27-cp27m-win32.whl", hash = "sha256:72a2de373dc082364b692899480353149c8d3cc3c5877b15a51d2e419243855c"},
    {file = "cu2qu-1.6.7-cp27-cp27m-win_amd64.whl", hash = "sha256:88f17f7abc657bfd67ddcec0650d11b7a67cd28eae1bc5df8ca71551f8aee776"},
    {file = "cu2qu-1.6.7-cp27-cp27mu-manylinux1_i686.whl", hash = "sha256:1337a4dc510c019c11936e3335396b7eae633b4ca1af3e3e720109a54c29e457"},
    {file = "cu2qu-1.6.7-cp27-cp27mu-manylinux1_x86_64.whl", hash = "sha256:a8127ecb837e189ac5e24902a46a99ac4ff0e9f0896a99b28bb76f02458bbc91"},
    {file = "cu2qu-1.6.7-cp36-cp36m-macosx_10_9_x86_64.whl", hash = "sha256:8c358275b79334a8755233b48c1c265a4ff53aa3d4f360dfcc58ad6ad6114ed9"},
    {file = "cu2qu-1.6.7-cp36-cp36m-manylinux1_i686.whl", hash = "sha256:f165179096a5a5c94376c6f599ac52a8d59cfe84becd2a2fafb56b134475a8e2"},
    {file = "cu2qu-1.6.7-cp36-cp36m-manylinux1_x86_64.whl", hash = "sha256:d3c241332e8289e486856e8c55d4819e6e377edbea10ae6d698c492f25faace7"},
    {file = "cu2qu-1.6.7-cp36-cp36m-win32.whl", hash = "sha256:111303caedb3f37dfd05c23327a7d0cc715e6b785dcde403af4984d43cf68430"},
    {file = "cu2qu-1.6.7-cp36-cp36m-win_amd64.whl", hash = "sha256:46c5855a3214cafc876472e88b328590ccefc25ba4ae34b4ad144e7a7637eed4"},
    {file = "cu2qu-1.6.7-cp37-cp37m-macosx_10_9_x86_64.whl", hash = "sha256:60660b80fba8f18415c99bc41a64e3fcfd5f2f74f4bf525ca7b6b7d8ef2474bc"},
    {file = "cu2qu-1.6.7-cp37-cp37m-manylinux1_i686.whl", hash = "sha256:015bac360cdabd9698e40068444017ce0bb18338dc37e598905c437a61f1eb19"},
    {file = "cu2qu-1.6.7-cp37-cp37m-manylinux1_x86_64.whl", hash = "sha256:c507cd0a3d0c6cb501c2c889b88dea5a6d37c98f99dd54adc449e63c9904cf20"},
    {file = "cu2qu-1.6.7-cp37-cp37m-win32.whl", hash = "sha256:1ee0aef065ee48fa7a50244a10b0c9fd2a1bfea5f59595a6cee55e5e821d3503"},
    {file = "cu2qu-1.6.7-cp37-cp37m-win_amd64.whl", hash = "sha256:1975303591ccbe12f78b8204db39273e66dde5504cd5622238353cbd939ed4e6"},
    {file = "cu2qu-1.6.7-cp38-cp38-macosx_10_9_x86_64.whl", hash = "sha256:abf8312bb789431aba8df813c99751b478ee238a2898184da9d2f0b9a96ba451"},
    {file = "cu2qu-1.6.7-cp38-cp38-manylinux1_i686.whl", hash = "sha256:ac8e1a99a7931fcc39ea19f8cbb8e75091ab7f1456e75dd7e9da372355838154"},
    {file = "cu2qu-1.6.7-cp38-cp38-manylinux1_x86_64.whl", hash = "sha256:9358083ccecaceda3371ff9f2cf0783b3e5e55acd4b46a1dd572b008352d51f9"},
    {file = "cu2qu-1.6.7-cp38-cp38-win32.whl", hash = "sha256:43739dcfe55f5ad754d5b54a51de282668f7f4b9157c624a781a7622591c6e06"},
    {file = "cu2qu-1.6.7-cp38-cp38-win_amd64.whl", hash = "sha256:5c65762ed60db1db37d6d21981b68e0e6acbaac9e9e8f6f3debc76d032596ddd"},
    {file = "cu2qu-1.6.7.zip", hash = "sha256:559e962539c27a2964e7a2693c7053eacdabf771f0103e83baaadfa567bd8139"},
]
defcon = [
    {file = "defcon-0.7.2-py3-none-any.whl", hash = "sha256:d00f91c60c4a411276dab30a9129e34a7a118f41493c4971541ad9287985807f"},
    {file = "defcon-0.7.2.zip", hash = "sha256:1967eaa23dcc8e1cbe3bd130aae4d9ddb72027b62d3e23eeb640065cfbd6d8d1"},
]
feaPyFoFum = []
flake8 = [
    {file = "flake8-3.8.4-py2.py3-none-any.whl", hash = "sha256:749dbbd6bfd0cf1318af27bf97a14e28e5ff548ef8e5b1566ccfb25a11e7c839"},
    {file = "flake8-3.8.4.tar.gz", hash = "sha256:aadae8761ec651813c24be05c6f7b4680857ef6afaae4651a4eccaef97ce6c3b"},
]
fontmake = [
    {file = "fontmake-2.2.1-py3-none-any.whl", hash = "sha256:ef6115abe674f2fd4d76e12e2d09eebdf6ffa014bcdbddc05abde550d36e8ff4"},
    {file = "fontmake-2.2.1.zip", hash = "sha256:b64e70ec1084df778cc18d0ae4392d7627163e05c5131ac8ed3f6c2663ea9035"},
]
fontmath = [
    {file = "fontMath-0.6.0-py2.py3-none-any.whl", hash = "sha256:c823e0e607866f0740ba17f1933e7004a472879af1211f6751bda6b532c47c9d"},
    {file = "fontMath-0.6.0.zip", hash = "sha256:5a93002bfdcacd16b117b498f6e5ffa5d8fd263ccd8c587d9aa553e965c3ad27"},
]
fonttools = [
    {file = "fonttools-4.16.1-py3-none-any.whl", hash = "sha256:7fc6ce45828513ece6f9f9bda26968b3eab62482a35623159ea302bbf368de9f"},
    {file = "fonttools-4.16.1.zip", hash = "sha256:991eb05e0366af5a6e620551f950a4f49433c5a8de70770a7066bcbe78bb86cc"},
]
fs = [
    {file = "fs-2.4.11-py2.py3-none-any.whl", hash = "sha256:cd6b178f373a0370feac8612fd3c142aa6a5cadd3d471b525b08db4d3b511c9c"},
    {file = "fs-2.4.11.tar.gz", hash = "sha256:cc99d476b500f993df8ef697b96dc70928ca2946a455c396a566efe021126767"},
]
glyphslib = [
    {file = "glyphsLib-5.2.0-py3-none-any.whl", hash = "sha256:486e6b5af098c5411091ba27abe9c9620cdfef5d8505c630674fc3697e7809f6"},
    {file = "glyphsLib-5.2.0.zip", hash = "sha256:259b3b4d4455e0018ac36db679c2e7a51c3ee309c13dbd11f5161775b191380b"},
]
lxml = [
    {file = "lxml-4.6.1-cp27-cp27m-macosx_10_9_x86_64.whl", hash = "sha256:4b7572145054330c8e324a72d808c8c8fbe12be33368db28c39a255ad5f7fb51"},
    {file = "lxml-4.6.1-cp27-cp27m-manylinux1_i686.whl", hash = "sha256:302160eb6e9764168e01d8c9ec6becddeb87776e81d3fcb0d97954dd51d48e0a"},
    {file = "lxml-4.6.1-cp27-cp27m-manylinux1_x86_64.whl", hash = "sha256:d4ad7fd3269281cb471ad6c7bafca372e69789540d16e3755dd717e9e5c9d82f"},
    {file = "lxml-4.6.1-cp27-cp27m-win32.whl", hash = "sha256:189ad47203e846a7a4951c17694d845b6ade7917c47c64b29b86526eefc3adf5"},
    {file = "lxml-4.6.1-cp27-cp27m-win_amd64.whl", hash = "sha256:56eff8c6fb7bc4bcca395fdff494c52712b7a57486e4fbde34c31bb9da4c6cc4"},
    {file = "lxml-4.6.1-cp27-cp27mu-manylinux1_i686.whl", hash = "sha256:23c83112b4dada0b75789d73f949dbb4e8f29a0a3511647024a398ebd023347b"},
    {file = "lxml-4.6.1-cp27-cp27mu-manylinux1_x86_64.whl", hash = "sha256:0e89f5d422988c65e6936e4ec0fe54d6f73f3128c80eb7ecc3b87f595523607b"},
    {file = "lxml-4.6.1-cp35-cp35m-manylinux1_i686.whl", hash = "sha256:2358809cc64394617f2719147a58ae26dac9e21bae772b45cfb80baa26bfca5d"},
    {file = "lxml-4.6.1-cp35-cp35m-manylinux1_x86_64.whl", hash = "sha256:be1ebf9cc25ab5399501c9046a7dcdaa9e911802ed0e12b7d620cd4bbf0518b3"},
    {file = "lxml-4.6.1-cp35-cp35m-manylinux2014_aarch64.whl", hash = "sha256:4fff34721b628cce9eb4538cf9a73d02e0f3da4f35a515773cce6f5fe413b360"},
    {file = "lxml-4.6.1-cp35-cp35m-win32.whl", hash = "sha256:475325e037fdf068e0c2140b818518cf6bc4aa72435c407a798b2db9f8e90810"},
    {file = "lxml-4.6.1-cp35-cp35m-win_amd64.whl", hash = "sha256:f98b6f256be6cec8dd308a8563976ddaff0bdc18b730720f6f4bee927ffe926f"},
    {file = "lxml-4.6.1-cp36-cp36m-macosx_10_9_x86_64.whl", hash = "sha256:be7c65e34d1b50ab7093b90427cbc488260e4b3a38ef2435d65b62e9fa3d798a"},
    {file = "lxml-4.6.1-cp36-cp36m-manylinux1_i686.whl", hash = "sha256:d18331ea905a41ae71596502bd4c9a2998902328bbabd29e3d0f5f8569fabad1"},
    {file = "lxml-4.6.1-cp36-cp36m-manylinux1_x86_64.whl", hash = "sha256:3d9b2b72eb0dbbdb0e276403873ecfae870599c83ba22cadff2db58541e72856"},
    {file = "lxml-4.6.1-cp36-cp36m-manylinux2014_aarch64.whl", hash = "sha256:d20d32cbb31d731def4b1502294ca2ee99f9249b63bc80e03e67e8f8e126dea8"},
    {file = "lxml-4.6.1-cp36-cp36m-win32.whl", hash = "sha256:d182eada8ea0de61a45a526aa0ae4bcd222f9673424e65315c35820291ff299c"},
    {file = "lxml-4.6.1-cp36-cp36m-win_amd64.whl", hash = "sha256:c0dac835c1a22621ffa5e5f999d57359c790c52bbd1c687fe514ae6924f65ef5"},
    {file = "lxml-4.6.1-cp37-cp37m-macosx_10_9_x86_64.whl", hash = "sha256:d84d741c6e35c9f3e7406cb7c4c2e08474c2a6441d59322a00dcae65aac6315d"},
    {file = "lxml-4.6.1-cp37-cp37m-manylinux1_i686.whl", hash = "sha256:8862d1c2c020cb7a03b421a9a7b4fe046a208db30994fc8ff68c627a7915987f"},
    {file = "lxml-4.6.1-cp37-cp37m-manylinux1_x86_64.whl", hash = "sha256:3a7a380bfecc551cfd67d6e8ad9faa91289173bdf12e9cfafbd2bdec0d7b1ec1"},
    {file = "lxml-4.6.1-cp37-cp37m-manylinux2014_aarch64.whl", hash = "sha256:2d6571c48328be4304aee031d2d5046cbc8aed5740c654575613c5a4f5a11311"},
    {file = "lxml-4.6.1-cp37-cp37m-win32.whl", hash = "sha256:803a80d72d1f693aa448566be46ffd70882d1ad8fc689a2e22afe63035eb998a"},
    {file = "lxml-4.6.1-cp37-cp37m-win_amd64.whl", hash = "sha256:24e811118aab6abe3ce23ff0d7d38932329c513f9cef849d3ee88b0f848f2aa9"},
    {file = "lxml-4.6.1-cp38-cp38-macosx_10_9_x86_64.whl", hash = "sha256:2e311a10f3e85250910a615fe194839a04a0f6bc4e8e5bb5cac221344e3a7891"},
    {file = "lxml-4.6.1-cp38-cp38-manylinux1_i686.whl", hash = "sha256:a71400b90b3599eb7bf241f947932e18a066907bf84617d80817998cee81e4bf"},
    {file = "lxml-4.6.1-cp38-cp38-manylinux1_x86_64.whl", hash = "sha256:211b3bcf5da70c2d4b84d09232534ad1d78320762e2c59dedc73bf01cb1fc45b"},
    {file = "lxml-4.6.1-cp38-cp38-manylinux2014_aarch64.whl", hash = "sha256:e65c221b2115a91035b55a593b6eb94aa1206fa3ab374f47c6dc10d364583ff9"},
    {file = "lxml-4.6.1-cp38-cp38-win32.whl", hash = "sha256:d6f8c23f65a4bfe4300b85f1f40f6c32569822d08901db3b6454ab785d9117cc"},
    {file = "lxml-4.6.1-cp38-cp38-win_amd64.whl", hash = "sha256:573b2f5496c7e9f4985de70b9bbb4719ffd293d5565513e04ac20e42e6e5583f"},
    {file = "lxml-4.6.1-cp39-cp39-manylinux1_i686.whl", hash = "sha256:1d87936cb5801c557f3e981c9c193861264c01209cb3ad0964a16310ca1b3301"},
    {file = "lxml-4.6.1-cp39-cp39-manylinux1_x86_64.whl", hash = "sha256:2d5896ddf5389560257bbe89317ca7bcb4e54a02b53a3e572e1ce4226512b51b"},
    {file = "lxml-4.6.1-cp39-cp39-manylinux2014_aarch64.whl", hash = "sha256:9b06690224258db5cd39a84e993882a6874676f5de582da57f3df3a82ead9174"},
    {file = "lxml-4.6.1-cp39-cp39-win32.whl", hash = "sha256:bb252f802f91f59767dcc559744e91efa9df532240a502befd874b54571417bd"},
    {file = "lxml-4.6.1-cp39-cp39-win_amd64.whl", hash = "sha256:7ecaef52fd9b9535ae5f01a1dd2651f6608e4ec9dc136fc4dfe7ebe3c3ddb230"},
    {file = "lxml-4.6.1.tar.gz", hash = "sha256:c152b2e93b639d1f36ec5a8ca24cde4a8eefb2b6b83668fcd8e83a67badcb367"},
]
mccabe = [
    {file = "mccabe-0.6.1-py2.py3-none-any.whl", hash = "sha256:ab8a6258860da4b6677da4bd2fe5dc2c659cff31b3ee4f7f5d64e79735b80d42"},
    {file = "mccabe-0.6.1.tar.gz", hash = "sha256:dd8d182285a0fe56bace7f45b5e7d1a6ebcbf524e8f3bd87eb0f125271b8831f"},
]
pyclipper = [
    {file = "pyclipper-1.2.0-cp27-cp27m-macosx_10_9_x86_64.whl", hash = "sha256:70844627ffe3de3e4a1286a5468a29b8ef06f89d28d5d529c307213c14eedf86"},
    {file = "pyclipper-1.2.0-cp27-cp27m-manylinux1_i686.whl", hash = "sha256:9a1f7208f66ee06b1b8a5baffa045cb1b57568a3afcec2dfb1adbef7b1fe8a55"},
    {file = "pyclipper-1.2.0-cp27-cp27m-manylinux1_x86_64.whl", hash = "sha256:7d8471c2becd92d14e1826f43ad21c4eedf7cfb721095b55584ca37d9451bb29"},
    {file = "pyclipper-1.2.0-cp27-cp27m-win32.whl", hash = "sha256:043979535d44f5113dc96f24c5fa12efd68f34e3a0eda4e36801d801dddc220a"},
    {file = "pyclipper-1.2.0-cp27-cp27m-win_amd64.whl", hash = "sha256:4be209362c21e73f4aa2c63f72c52bf269ec0ee5cbd4b0b846c827fe0567e6e6"},
    {file = "pyclipper-1.2.0-cp27-cp27mu-manylinux1_i686.whl", hash = "sha256:a97f971507e0c7e59114e308bea0f14bce063b1d0c63097da4b3f50b0065cb0a"},
    {file = "pyclipper-1.2.0-cp27-cp27mu-manylinux1_x86_64.whl", hash = "sha256:6522077ef9dca61f9eae53803f47e2d8e885ebb41e87bed47eba340de92c2884"},
    {file = "pyclipper-1.2.0-cp35-cp35m-macosx_10_6_intel.whl", hash = "sha256:7777bbd5464df80076906a98a88728008654cfcef4c3f8b38a0f62be5ea40933"},
    {file = "pyclipper-1.2.0-cp35-cp35m-manylinux1_i686.whl", hash = "sha256:527c7d09bfe2b9a863f55b1aa6d87f8f1ec18cc8f631e0f6df110f5371f772dc"},
    {file = "pyclipper-1.2.0-cp35-cp35m-manylinux1_x86_64.whl", hash = "sha256:6ae7a1eb4e070551cb5f9dd05560b38f396978d416d29c3f6574bbbae2c8fcc7"},
    {file = "pyclipper-1.2.0-cp35-cp35m-win32.whl", hash = "sha256:0c4f83da9bb01910dedc7c3dc8a7cbb97c573efc411d951bacfdc54cc233e51c"},
    {file = "pyclipper-1.2.0-cp35-cp35m-win_amd64.whl", hash = "sha256:c0023f1c0b0f4d0a92c07cb7b481c411e3534f262b9653e29774ffd4433dc32c"},
    {file = "pyclipper-1.2.0-cp36-cp36m-macosx_10_9_x86_64.whl", hash = "sha256:0d000a130e8f16954a80dcf692add6d0a10c29da632eefd9a6d58efe20da976f"},
    {file = "pyclipper-1.2.0-cp36-cp36m-manylinux1_i686.whl", hash = "sha256:fe85c64f2fd3fcd7d6515aa909b3e47f1751f522d741e763ba9a2c04f461c859"},
    {file = "pyclipper-1.2.0-cp36-cp36m-manylinux1_x86_64.whl", hash = "sha256:0cbf11d80f897f64278a293edfb4ddfc2451c6f2c4262818b8862aed32099a87"},
    {file = "pyclipper-1.2.0-cp36-cp36m-win32.whl", hash = "sha256:a59c04a297628863a896d4fbcadb9e8c89ce4afd586c7c4201d0a8ff40e3ca00"},
    {file = "pyclipper-1.2.0-cp36-cp36m-win_amd64.whl", hash = "sha256:a8d3d3bbef9aa517087bd1b1e311ab6a7126b6fd2399e0d48180bd3d2727c9a9"},
    {file = "pyclipper-1.2.0-cp37-cp37m-macosx_10_9_x86_64.whl", hash = "sha256:7550b2e153e3ba43fc6c025a1f301af1e7665e3bac2a840f3acd923e19bd2b1b"},
    {file = "pyclipper-1.2.0-cp37-cp37m-manylinux1_i686.whl", hash = "sha256:224b44d35de95157863294e2910c8b85d8a1670ebcef32a6fe25c5f99c919d1b"},
    {file = "pyclipper-1.2.0-cp37-cp37m-manylinux1_x86_64.whl", hash = "sha256:dcd213332e6a7c727e953f4805b6b42a6ecdf983398d09c8ce7b8a9e61c6d804"},
    {file = "pyclipper-1.2.0-cp37-cp37m-win32.whl", hash = "sha256:559e4b9c912da3efaf55aa636f59410bb6230446cc718ade36a3d461a5e601f8"},
    {file = "pyclipper-1.2.0-cp37-cp37m-win_amd64.whl", hash = "sha256:2a9ac1498b9c2e1bec5df9a937eedc7645eb6d8036f6fd7cb88fd7d9c76a0eeb"},
    {file = "pyclipper-1.2.0-cp38-cp38-macosx_10_9_x86_64.whl", hash = "sha256:c2d3eb6a1721a256030cf0ac5a25fc88bc348bbd00dded530b289ed5b55f8927"},
    {file = "pyclipper-1.2.0-cp38-cp38-manylinux1_i686.whl", hash = "sha256:ba521f10b0470319be0e145afa7e5b979a24f0d88159c1574e488cf919732da2"},
    {file = "pyclipper-1.2.0-cp38-cp38-manylinux1_x86_64.whl", hash = "sha256:eab62fd1461b4b78b68513bb69a5a3e03a9bd9907c2b2cd7f2f89316c77dc8eb"},
    {file = "pyclipper-1.2.0-cp38-cp38-win32.whl", hash = "sha256:d65af9c1bec0ed24f3cb8967c6beba3a7e58b83de8fc549e2064f54a30eabd16"},
    {file = "pyclipper-1.2.0-cp38-cp38-win_amd64.whl", hash = "sha256:faa924aa009f228cfb4b355615f398eaecaf384f1ebb2c45725f95fc87a55150"},
    {file = "pyclipper-1.2.0.zip", hash = "sha256:7a9035ca6732dcef3ef33f98d9a844bb5f2be16bd659300c38ef366aac2e3a47"},
]
pycodestyle = [
    {file = "pycodestyle-2.6.0-py2.py3-none-any.whl", hash = "sha256:2295e7b2f6b5bd100585ebcb1f616591b652db8a741695b3d8f5d28bdc934367"},
    {file = "pycodestyle-2.6.0.tar.gz", hash = "sha256:c58a7d2815e0e8d7972bf1803331fb0152f867bd89adf8a01dfd55085434192e"},
]
pyflakes = [
    {file = "pyflakes-2.2.0-py2.py3-none-any.whl", hash = "sha256:0d94e0e05a19e57a99444b6ddcf9a6eb2e5c68d3ca1e98e90707af8152c90a92"},
    {file = "pyflakes-2.2.0.tar.gz", hash = "sha256:35b2d75ee967ea93b55750aa9edbbf72813e06a66ba54438df2cfac9e3c27fc8"},
]
pytz = [
    {file = "pytz-2020.4-py2.py3-none-any.whl", hash = "sha256:5c55e189b682d420be27c6995ba6edce0c0a77dd67bfbe2ae6607134d5851ffd"},
    {file = "pytz-2020.4.tar.gz", hash = "sha256:3e6b7dd2d1e0a59084bcee14a17af60c5c562cdc16d828e8eba2e683d3a7e268"},
]
pyyaml = [
    {file = "PyYAML-5.3.1-cp27-cp27m-win32.whl", hash = "sha256:74809a57b329d6cc0fdccee6318f44b9b8649961fa73144a98735b0aaf029f1f"},
    {file = "PyYAML-5.3.1-cp27-cp27m-win_amd64.whl", hash = "sha256:240097ff019d7c70a4922b6869d8a86407758333f02203e0fc6ff79c5dcede76"},
    {file = "PyYAML-5.3.1-cp35-cp35m-win32.whl", hash = "sha256:4f4b913ca1a7319b33cfb1369e91e50354d6f07a135f3b901aca02aa95940bd2"},
    {file = "PyYAML-5.3.1-cp35-cp35m-win_amd64.whl", hash = "sha256:cc8955cfbfc7a115fa81d85284ee61147059a753344bc51098f3ccd69b0d7e0c"},
    {file = "PyYAML-5.3.1-cp36-cp36m-win32.whl", hash = "sha256:7739fc0fa8205b3ee8808aea45e968bc90082c10aef6ea95e855e10abf4a37b2"},
    {file = "PyYAML-5.3.1-cp36-cp36m-win_amd64.whl", hash = "sha256:69f00dca373f240f842b2931fb2c7e14ddbacd1397d57157a9b005a6a9942648"},
    {file = "PyYAML-5.3.1-cp37-cp37m-win32.whl", hash = "sha256:d13155f591e6fcc1ec3b30685d50bf0711574e2c0dfffd7644babf8b5102ca1a"},
    {file = "PyYAML-5.3.1-cp37-cp37m-win_amd64.whl", hash = "sha256:73f099454b799e05e5ab51423c7bcf361c58d3206fa7b0d555426b1f4d9a3eaf"},
    {file = "PyYAML-5.3.1-cp38-cp38-win32.whl", hash = "sha256:06a0d7ba600ce0b2d2fe2e78453a470b5a6e000a985dd4a4e54e436cc36b0e97"},
    {file = "PyYAML-5.3.1-cp38-cp38-win_amd64.whl", hash = "sha256:95f71d2af0ff4227885f7a6605c37fd53d3a106fcab511b8860ecca9fcf400ee"},
    {file = "PyYAML-5.3.1.tar.gz", hash = "sha256:b8eac752c5e14d3eca0e6dd9199cd627518cb5ec06add0de9d32baeee6fe645d"},
]
regex = [
    {file = "regex-2020.11.11-cp36-cp36m-macosx_10_9_x86_64.whl", hash = "sha256:dd7bee615680d940dd44ac0a479f2bc5f73d6ca63a5915cd8d30739c14ca522c"},
    {file = "regex-2020.11.11-cp36-cp36m-manylinux1_i686.whl", hash = "sha256:3002ee2d4e8bbe4656237627203d8290a562d1fc1962deee470905ab63570345"},
    {file = "regex-2020.11.11-cp36-cp36m-manylinux1_x86_64.whl", hash = "sha256:064d2fc83ab4ee0055fcc1ef38ec60e505742850a40061f854ac64cb3d8d6dd3"},
    {file = "regex-2020.11.11-cp36-cp36m-manylinux2010_i686.whl", hash = "sha256:83a390a653c13be1ab26287240df1fd9324ca8a0d31b603fa57cd7d9520648fa"},
    {file = "regex-2020.11.11-cp36-cp36m-manylinux2010_x86_64.whl", hash = "sha256:412969d58ecd4f576510ec88bcb7602e9e582bbef78859ed8c9ca4de4f9e891c"},
    {file = "regex-2020.11.11-cp36-cp36m-manylinux2014_aarch64.whl", hash = "sha256:ccfea4911ac28a8f744096bce1559e0bd86b09a53c8a9d5856ca8e1f5f4de1f5"},
    {file = "regex-2020.11.11-cp36-cp36m-manylinux2014_i686.whl", hash = "sha256:cefcdb2ac3b67fd9f7244820ce1965c8cf352366199cc1358d67c6cc3c5c8bbc"},
    {file = "regex-2020.11.11-cp36-cp36m-manylinux2014_x86_64.whl", hash = "sha256:9e8b3187f6beea8e56cb4b33c35049cbe376cf69aefaee5bc035309d88c98ca5"},
    {file = "regex-2020.11.11-cp36-cp36m-win32.whl", hash = "sha256:787e44e5f4fd027dd90b5ee0240b05dc1752cb43c2903617f25baa495fe551e9"},
    {file = "regex-2020.11.11-cp36-cp36m-win_amd64.whl", hash = "sha256:a9f76d9122359b09e38f27cd9c41729169171cf0fd73ec5b22cc4628f9e486ca"},
    {file = "regex-2020.11.11-cp37-cp37m-macosx_10_9_x86_64.whl", hash = "sha256:6d128368def4b0cd95c0fc9d99a89ae73c083b25e67f27a410830e30f9df0edc"},
    {file = "regex-2020.11.11-cp37-cp37m-manylinux1_i686.whl", hash = "sha256:df50ba964812606663ca9d23d374036bc5ae3d71e86168409cdd84ca7948d8a3"},
    {file = "regex-2020.11.11-cp37-cp37m-manylinux1_x86_64.whl", hash = "sha256:d1e57c16c4840f1c3543507742e99b8398609474a0e6a6925476914479de3488"},
    {file = "regex-2020.11.11-cp37-cp37m-manylinux2010_i686.whl", hash = "sha256:6e50b3b417ab2fd67bfa6235f0df4782fe2ff8be83f0c4435e1dc43d25052ee8"},
    {file = "regex-2020.11.11-cp37-cp37m-manylinux2010_x86_64.whl", hash = "sha256:bb17a7fe9c47167337009ce18cd6e6b3edf3ca0063bf6bed6ce02515129c016a"},
    {file = "regex-2020.11.11-cp37-cp37m-manylinux2014_aarch64.whl", hash = "sha256:826d0119f14f9a9ce25999a13ed5922c785b50e469800f6e5a6721318650ef49"},
    {file = "regex-2020.11.11-cp37-cp37m-manylinux2014_i686.whl", hash = "sha256:8cc3717146ce4040419639cf45455663a002a554806ddac46304acc5bd41dae2"},
    {file = "regex-2020.11.11-cp37-cp37m-manylinux2014_x86_64.whl", hash = "sha256:86ad88c7c2512094a85b0a01ce053bab1e28eafb8f3868bb8c22f4903e33f147"},
    {file = "regex-2020.11.11-cp37-cp37m-win32.whl", hash = "sha256:e03867f3baf64ecab47dfc9ddb58afc67acb6a0f80f6cf8ff9fa82962ec4d1cd"},
    {file = "regex-2020.11.11-cp37-cp37m-win_amd64.whl", hash = "sha256:56d1e298bb6482d0466399a6383181bf2627c37ad414e205b3ce0f85aa140be7"},
    {file = "regex-2020.11.11-cp38-cp38-macosx_10_9_x86_64.whl", hash = "sha256:19ac2bf0048a2f4d460ee20647e84ca160512a7ee8af844dc9207720778470f1"},
    {file = "regex-2020.11.11-cp38-cp38-manylinux1_i686.whl", hash = "sha256:84ab584dcb5e81815040d86148805a808acb0bee303d19638fe2f9488d704bc1"},
    {file = "regex-2020.11.11-cp38-cp38-manylinux1_x86_64.whl", hash = "sha256:4159ecf20dffea07f4a7241b2a236f90eb622c7e8caab9f43caba5f27ca37284"},
    {file = "regex-2020.11.11-cp38-cp38-manylinux2010_i686.whl", hash = "sha256:8060be04baec546fe3afa6975d2998e15d1b655d7255f0e6b0ed3f482cccc218"},
    {file = "regex-2020.11.11-cp38-cp38-manylinux2010_x86_64.whl", hash = "sha256:cdb98be55db1b94c950822cbc10d3d768f01e184365851ebb42cd377486ced7b"},
    {file = "regex-2020.11.11-cp38-cp38-manylinux2014_aarch64.whl", hash = "sha256:11d9100bd874ce8b2a037db9150e732cd768359fc25fe5f77973208aa24eb13e"},
    {file = "regex-2020.11.11-cp38-cp38-manylinux2014_i686.whl", hash = "sha256:0951c78fa4cb26d1278a4b3784fcf973fc97ec39c07483328a74b034b0cc569c"},
    {file = "regex-2020.11.11-cp38-cp38-manylinux2014_x86_64.whl", hash = "sha256:c8b1ad791debd67221fb1266f8d09730ae927acacb32d0dad9fd07a7d341a28f"},
    {file = "regex-2020.11.11-cp38-cp38-win32.whl", hash = "sha256:beae9db1545f8116cfc9301a9601e9c975bb56ca22a38ac0fe06a72c3460f31a"},
    {file = "regex-2020.11.11-cp38-cp38-win_amd64.whl", hash = "sha256:48e94218f06317b6d32feb4ecff8b6025695450009bcb3291fb23daf79689431"},
    {file = "regex-2020.11.11-cp39-cp39-macosx_10_9_x86_64.whl", hash = "sha256:c67fd5f3ad81f8301184354014e8e7510ab77e0c7e450a427d77f28ae8effbef"},
    {file = "regex-2020.11.11-cp39-cp39-manylinux1_i686.whl", hash = "sha256:e7cdd5ee8053c82607432b7ebad37e2ece54548fef2b254f7bce6f7831904586"},
    {file = "regex-2020.11.11-cp39-cp39-manylinux1_x86_64.whl", hash = "sha256:394b5be4fa72354a78763b317f82997ad881896dd4a860e429a6fa74afaacb07"},
    {file = "regex-2020.11.11-cp39-cp39-manylinux2010_i686.whl", hash = "sha256:3b46a4c73ec1f25361147a7a0fd86084f3627dc78d09bcbe14e70db12683efec"},
    {file = "regex-2020.11.11-cp39-cp39-manylinux2010_x86_64.whl", hash = "sha256:267d1b13f863e664150948ce2a9ed4927bf4ac7a068780f1ee8af83352aa17a2"},
    {file = "regex-2020.11.11-cp39-cp39-manylinux2014_aarch64.whl", hash = "sha256:68267a7a5fb0bd9676b86f967143b6a6ecefb3eed4042ecc9e7f0e014aef8f74"},
    {file = "regex-2020.11.11-cp39-cp39-manylinux2014_i686.whl", hash = "sha256:e899b69dd5d26655cb454835ea2fceb18832c9ee9c4fb45dc4cf8a6089d35312"},
    {file = "regex-2020.11.11-cp39-cp39-manylinux2014_x86_64.whl", hash = "sha256:396411bb5a7849aeda9c49873b8295919fdc118c50b57122b09cb2097047c118"},
    {file = "regex-2020.11.11-cp39-cp39-win32.whl", hash = "sha256:32f8714c4bcc4b0d2aa259b1647e3c5b6cfe2e923c6c124234a5e03408224227"},
    {file = "regex-2020.11.11-cp39-cp39-win_amd64.whl", hash = "sha256:bf02ab95ff5261ba108725dbd795bf6395eaac1b8468b41472d82d35b12b0295"},
    {file = "regex-2020.11.11.tar.gz", hash = "sha256:0a235841237d4487329bcabcb5b902858f7967f5e684e08e968367f25b2c3d37"},
]
six = [
    {file = "six-1.15.0-py2.py3-none-any.whl", hash = "sha256:8b74bedcbbbaca38ff6d7491d76f2b06b3592611af620f8426e82dddb04a5ced"},
    {file = "six-1.15.0.tar.gz", hash = "sha256:30639c035cdb23534cd4aa2dd52c3bf48f06e5f4a941509c8bafd8ce11080259"},
]
tptqscripttools = []
ufo2ft = [
    {file = "ufo2ft-2.16.0-py2.py3-none-any.whl", hash = "sha256:a77ed613bee1efb1ef4b0d1b0de5fb1ba656e8f7851726ba98acddbfae3ea574"},
    {file = "ufo2ft-2.16.0.zip", hash = "sha256:5bc99bb08a1180f8a68bee823a914f71b4809442036f8a3642533aa330a32f85"},
]
ufolib2 = [
    {file = "ufoLib2-0.8.0-py3-none-any.whl", hash = "sha256:bbeece26d702049500f0b43702b7f34c2dafa518dac32eb3581bd83bcba6514e"},
    {file = "ufoLib2-0.8.0.zip", hash = "sha256:1ab84170f13ca2622103cb24f43db73a1107d41656c65fe65e70bd0c9a5edf69"},
]
uharfbuzz = [
    {file = "uharfbuzz-0.14.0-cp36-cp36m-macosx_10_6_intel.whl", hash = "sha256:16447dc00a677da00dc7197cf4b36cfd65c2ad7a67c2d42b18b27f71574c7785"},
    {file = "uharfbuzz-0.14.0-cp36-cp36m-manylinux1_x86_64.whl", hash = "sha256:e76a05508cfc998208770a62e3c16c0899ed61646563dd4e5ffbe95cec996761"},
    {file = "uharfbuzz-0.14.0-cp36-cp36m-manylinux2010_x86_64.whl", hash = "sha256:290ae80e3a7dc95e47d6541010f2fc9e3c8f80e5e99a682482b643798e344349"},
    {file = "uharfbuzz-0.14.0-cp36-cp36m-win32.whl", hash = "sha256:06016a146b586fb3f858d1af217897905ba57bf6047fda5a1610a875714378e6"},
    {file = "uharfbuzz-0.14.0-cp36-cp36m-win_amd64.whl", hash = "sha256:2b079d984a3cae2be5557db645408b3c35b1d03fe0ee8ef6fb50e76539d34657"},
    {file = "uharfbuzz-0.14.0-cp37-cp37m-macosx_10_6_intel.whl", hash = "sha256:5cf96b2cbe517481f16906dbc0462d72dc3b009b7eea858e322b1e9578e3fa14"},
    {file = "uharfbuzz-0.14.0-cp37-cp37m-manylinux1_x86_64.whl", hash = "sha256:f4739674b94a7dc9140e0c5d5d5e375d3281f176548eacd2f32b120a89566556"},
    {file = "uharfbuzz-0.14.0-cp37-cp37m-manylinux2010_x86_64.whl", hash = "sha256:4455a3e8b8fcc509a00858e71511e2d93e8cc0bd6ec6d1c4778f4a7ab762ee40"},
    {file = "uharfbuzz-0.14.0-cp37-cp37m-win32.whl", hash = "sha256:cd138723129c8ecdfd5fe735e1467360f85b38242c899dc7770799b42eb69b34"},
    {file = "uharfbuzz-0.14.0-cp37-cp37m-win_amd64.whl", hash = "sha256:6c9fdddaec55c01b4357c9bb4b777ba8e0d48e49decdbbd2e6b8a00688ac2de8"},
    {file = "uharfbuzz-0.14.0-cp38-cp38-macosx_10_9_x86_64.whl", hash = "sha256:f152923c952e6520bef0c2f91c8d3cd57a01c12b88a47c838d6093cbf7a425a9"},
    {file = "uharfbuzz-0.14.0-cp38-cp38-manylinux1_x86_64.whl", hash = "sha256:13adcd98898adbfc59808b4affc3593b38a7098d52da77c4daf3bcac50173df1"},
    {file = "uharfbuzz-0.14.0-cp38-cp38-manylinux2010_x86_64.whl", hash = "sha256:1ca88dd044d82f91b320e16c634f642fac7ffdf3916b3663bc5b8f66fd8ffef4"},
    {file = "uharfbuzz-0.14.0-cp38-cp38-win32.whl", hash = "sha256:610d3b1cf4266a09c840864630fb81863caf7d28f2947b753011966ea64917d4"},
    {file = "uharfbuzz-0.14.0-cp38-cp38-win_amd64.whl", hash = "sha256:8ed530cc60a2689f9dba642be2e5dc5e1e7efce7cfb3da85178abd37d25a51fe"},
    {file = "uharfbuzz-0.14.0.zip", hash = "sha256:965d79ec2d884937431cc627ce87a32052073a92a10ebd7224a707a8084388c5"},
]
